// !$*UTF8*$!
{
	archiveVersion = 1;
	classes = {
	};
	objectVersion = 50;
	objects = {

/* Begin PBXBuildFile section */
		6334E08A256F946E003E765D /* CommonTextFieldContainer.swift in Sources */ = {isa = PBXBuildFile; fileRef = 6334E089256F946E003E765D /* CommonTextFieldContainer.swift */; };
		6334E08C256F95D9003E765D /* UIColor+Extension.swift in Sources */ = {isa = PBXBuildFile; fileRef = 6334E08B256F95D9003E765D /* UIColor+Extension.swift */; };
		6334E08E256F9E8E003E765D /* CommonButton.swift in Sources */ = {isa = PBXBuildFile; fileRef = 6334E08D256F9E8E003E765D /* CommonButton.swift */; };
		635C3484256F791000E4F29E /* NetworkUtil.swift in Sources */ = {isa = PBXBuildFile; fileRef = 635C3483256F791000E4F29E /* NetworkUtil.swift */; };
		635C3486256F79B600E4F29E /* Auth.swift in Sources */ = {isa = PBXBuildFile; fileRef = 635C3485256F79B600E4F29E /* Auth.swift */; };
		635C348A256F7E0700E4F29E /* APIEndPoints.swift in Sources */ = {isa = PBXBuildFile; fileRef = 635C3489256F7E0700E4F29E /* APIEndPoints.swift */; };
		635C348C256F7ED400E4F29E /* AppCoordinator.swift in Sources */ = {isa = PBXBuildFile; fileRef = 635C348B256F7ED400E4F29E /* AppCoordinator.swift */; };
		635C348F256F7EEE00E4F29E /* Coordinator.swift in Sources */ = {isa = PBXBuildFile; fileRef = 635C348E256F7EEE00E4F29E /* Coordinator.swift */; };
		635C3491256F7F4B00E4F29E /* LoginFlowCoordinator.swift in Sources */ = {isa = PBXBuildFile; fileRef = 635C3490256F7F4B00E4F29E /* LoginFlowCoordinator.swift */; };
		635C3493256F800E00E4F29E /* LoginBaseViewController.swift in Sources */ = {isa = PBXBuildFile; fileRef = 635C3492256F800E00E4F29E /* LoginBaseViewController.swift */; };
		635C3496256F825B00E4F29E /* LoginPageContracts.swift in Sources */ = {isa = PBXBuildFile; fileRef = 635C3495256F825B00E4F29E /* LoginPageContracts.swift */; };
		635C3499256F826A00E4F29E /* LoginPageResponse.swift in Sources */ = {isa = PBXBuildFile; fileRef = 635C3498256F826A00E4F29E /* LoginPageResponse.swift */; };
		635C349B256F886500E4F29E /* BaseViewController.swift in Sources */ = {isa = PBXBuildFile; fileRef = 635C349A256F886500E4F29E /* BaseViewController.swift */; };
		635C349E256F8E4E00E4F29E /* UIView+Extension.swift in Sources */ = {isa = PBXBuildFile; fileRef = 635C349D256F8E4E00E4F29E /* UIView+Extension.swift */; };
		635C34A0256F8EA100E4F29E /* ConstraintMaker.swift in Sources */ = {isa = PBXBuildFile; fileRef = 635C349F256F8EA100E4F29E /* ConstraintMaker.swift */; };
		637DE234256F448B0059178E /* AppDelegate.swift in Sources */ = {isa = PBXBuildFile; fileRef = 637DE233256F448B0059178E /* AppDelegate.swift */; };
		637DE236256F448B0059178E /* SceneDelegate.swift in Sources */ = {isa = PBXBuildFile; fileRef = 637DE235256F448B0059178E /* SceneDelegate.swift */; };
		637DE240256F448C0059178E /* LaunchScreen.storyboard in Resources */ = {isa = PBXBuildFile; fileRef = 637DE23E256F448C0059178E /* LaunchScreen.storyboard */; };
		637DE24B256F448C0059178E /* Alodokter_Test_AppTests.swift in Sources */ = {isa = PBXBuildFile; fileRef = 637DE24A256F448C0059178E /* Alodokter_Test_AppTests.swift */; };
		637DE256256F448C0059178E /* Alodokter_Test_AppUITests.swift in Sources */ = {isa = PBXBuildFile; fileRef = 637DE255256F448C0059178E /* Alodokter_Test_AppUITests.swift */; };
		637DE26B256F4A570059178E /* LoginPageViewController.swift in Sources */ = {isa = PBXBuildFile; fileRef = 637DE26A256F4A570059178E /* LoginPageViewController.swift */; };
		637DE26D256F4A610059178E /* LoginPageViewModel.swift in Sources */ = {isa = PBXBuildFile; fileRef = 637DE26C256F4A610059178E /* LoginPageViewModel.swift */; };
		63FFDF78256FAF6F00016A00 /* RegisterPageViewController.swift in Sources */ = {isa = PBXBuildFile; fileRef = 63FFDF77256FAF6F00016A00 /* RegisterPageViewController.swift */; };
		63FFDF7A256FAF7A00016A00 /* RegisterPageViewModel.swift in Sources */ = {isa = PBXBuildFile; fileRef = 63FFDF79256FAF7A00016A00 /* RegisterPageViewModel.swift */; };
		63FFDF7C256FAF8200016A00 /* RegisterPageContracts.swift in Sources */ = {isa = PBXBuildFile; fileRef = 63FFDF7B256FAF8200016A00 /* RegisterPageContracts.swift */; };
		63FFDF7F256FAF9900016A00 /* RegisterPageResponse.swift in Sources */ = {isa = PBXBuildFile; fileRef = 63FFDF7E256FAF9900016A00 /* RegisterPageResponse.swift */; };
		63FFDF82256FB1E900016A00 /* BannerView.swift in Sources */ = {isa = PBXBuildFile; fileRef = 63FFDF81256FB1E900016A00 /* BannerView.swift */; };
		63FFDF86256FB79C00016A00 /* ErrorStateView.swift in Sources */ = {isa = PBXBuildFile; fileRef = 63FFDF85256FB79C00016A00 /* ErrorStateView.swift */; };
		63FFDF88256FB95000016A00 /* BaseViewModelAction.swift in Sources */ = {isa = PBXBuildFile; fileRef = 63FFDF87256FB94F00016A00 /* BaseViewModelAction.swift */; };
		63FFDF8A256FB98300016A00 /* LoadingCircleView.swift in Sources */ = {isa = PBXBuildFile; fileRef = 63FFDF89256FB98300016A00 /* LoadingCircleView.swift */; };
		63FFDF8C256FB99900016A00 /* LoadingAnimationView.swift in Sources */ = {isa = PBXBuildFile; fileRef = 63FFDF8B256FB99900016A00 /* LoadingAnimationView.swift */; };
		63FFDF8E256FB9B100016A00 /* LoadingStateView.swift in Sources */ = {isa = PBXBuildFile; fileRef = 63FFDF8D256FB9B100016A00 /* LoadingStateView.swift */; };
		63FFDF91256FEFCB00016A00 /* TabbarCoordinator.swift in Sources */ = {isa = PBXBuildFile; fileRef = 63FFDF90256FEFCB00016A00 /* TabbarCoordinator.swift */; };
		63FFDF93256FF4B000016A00 /* HomeViewController.swift in Sources */ = {isa = PBXBuildFile; fileRef = 63FFDF92256FF4B000016A00 /* HomeViewController.swift */; };
		63FFDF96256FF4D500016A00 /* ProfileViewController.swift in Sources */ = {isa = PBXBuildFile; fileRef = 63FFDF95256FF4D500016A00 /* ProfileViewController.swift */; };
		63FFDF9A2570158E00016A00 /* Assets.xcassets in Resources */ = {isa = PBXBuildFile; fileRef = 63FFDF992570158E00016A00 /* Assets.xcassets */; };
		63FFDF9C25701B0D00016A00 /* ProfileViewModel.swift in Sources */ = {isa = PBXBuildFile; fileRef = 63FFDF9B25701B0D00016A00 /* ProfileViewModel.swift */; };
		63FFDF9F25701B9900016A00 /* GetProfileResponse.swift in Sources */ = {isa = PBXBuildFile; fileRef = 63FFDF9E25701B9900016A00 /* GetProfileResponse.swift */; };
		63FFDFA12570203300016A00 /* ProfileViewModelAction.swift in Sources */ = {isa = PBXBuildFile; fileRef = 63FFDFA02570203300016A00 /* ProfileViewModelAction.swift */; };
		63FFDFA42570938A00016A00 /* TabbarBaseViewController.swift in Sources */ = {isa = PBXBuildFile; fileRef = 63FFDFA32570938A00016A00 /* TabbarBaseViewController.swift */; };
		63FFDFA625709B6200016A00 /* HomeViewModel.swift in Sources */ = {isa = PBXBuildFile; fileRef = 63FFDFA525709B6200016A00 /* HomeViewModel.swift */; };
		63FFDFA825709C0400016A00 /* HomeContracts.swift in Sources */ = {isa = PBXBuildFile; fileRef = 63FFDFA725709C0400016A00 /* HomeContracts.swift */; };
		63FFDFAB25709D2D00016A00 /* ContentCollectionViewCell.swift in Sources */ = {isa = PBXBuildFile; fileRef = 63FFDFAA25709D2D00016A00 /* ContentCollectionViewCell.swift */; };
		63FFDFAE25709FBE00016A00 /* HomeResponse.swift in Sources */ = {isa = PBXBuildFile; fileRef = 63FFDFAD25709FBE00016A00 /* HomeResponse.swift */; };
		63FFDFB02570A7A600016A00 /* UIImage+Extension.swift in Sources */ = {isa = PBXBuildFile; fileRef = 63FFDFAF2570A7A600016A00 /* UIImage+Extension.swift */; };
		63FFDFB32570B28700016A00 /* ContentDetailViewController.swift in Sources */ = {isa = PBXBuildFile; fileRef = 63FFDFB22570B28700016A00 /* ContentDetailViewController.swift */; };
		63FFDFB72570D24700016A00 /* ProfileImage.swift in Sources */ = {isa = PBXBuildFile; fileRef = 63FFDFB62570D24700016A00 /* ProfileImage.swift */; };
		63FFDFBB2570E3CC00016A00 /* LoginPageMocks.swift in Sources */ = {isa = PBXBuildFile; fileRef = 63FFDFBA2570E3CC00016A00 /* LoginPageMocks.swift */; };
		63FFDFBF2570E7FE00016A00 /* LoginPageViewModelTest.swift in Sources */ = {isa = PBXBuildFile; fileRef = 63FFDFBE2570E7FE00016A00 /* LoginPageViewModelTest.swift */; };
		63FFDFC22570EF9900016A00 /* ResgisterPageViewModelTest.swift in Sources */ = {isa = PBXBuildFile; fileRef = 63FFDFC12570EF9900016A00 /* ResgisterPageViewModelTest.swift */; };
		63FFDFC42570EFA200016A00 /* RegisterPageMocks.swift in Sources */ = {isa = PBXBuildFile; fileRef = 63FFDFC32570EFA200016A00 /* RegisterPageMocks.swift */; };
		63FFDFC92570EFCD00016A00 /* HomeViewModelTest.swift in Sources */ = {isa = PBXBuildFile; fileRef = 63FFDFC82570EFCD00016A00 /* HomeViewModelTest.swift */; };
		63FFDFCB2570EFD300016A00 /* HomeMocks.swift in Sources */ = {isa = PBXBuildFile; fileRef = 63FFDFCA2570EFD300016A00 /* HomeMocks.swift */; };
		63FFDFCD2570EFE100016A00 /* ProfileViewModelTest.swift in Sources */ = {isa = PBXBuildFile; fileRef = 63FFDFCC2570EFE100016A00 /* ProfileViewModelTest.swift */; };
		63FFDFCF2570EFED00016A00 /* ProfileMocks.swift in Sources */ = {isa = PBXBuildFile; fileRef = 63FFDFCE2570EFED00016A00 /* ProfileMocks.swift */; };
/* End PBXBuildFile section */

/* Begin PBXContainerItemProxy section */
		637DE247256F448C0059178E /* PBXContainerItemProxy */ = {
			isa = PBXContainerItemProxy;
			containerPortal = 637DE228256F448B0059178E /* Project object */;
			proxyType = 1;
			remoteGlobalIDString = 637DE22F256F448B0059178E;
			remoteInfo = "Alodokter Test App";
		};
		637DE252256F448C0059178E /* PBXContainerItemProxy */ = {
			isa = PBXContainerItemProxy;
			containerPortal = 637DE228256F448B0059178E /* Project object */;
			proxyType = 1;
			remoteGlobalIDString = 637DE22F256F448B0059178E;
			remoteInfo = "Alodokter Test App";
		};
/* End PBXContainerItemProxy section */

/* Begin PBXFileReference section */
		6334E089256F946E003E765D /* CommonTextFieldContainer.swift */ = {isa = PBXFileReference; lastKnownFileType = sourcecode.swift; path = CommonTextFieldContainer.swift; sourceTree = "<group>"; };
		6334E08B256F95D9003E765D /* UIColor+Extension.swift */ = {isa = PBXFileReference; lastKnownFileType = sourcecode.swift; path = "UIColor+Extension.swift"; sourceTree = "<group>"; };
		6334E08D256F9E8E003E765D /* CommonButton.swift */ = {isa = PBXFileReference; lastKnownFileType = sourcecode.swift; path = CommonButton.swift; sourceTree = "<group>"; };
		635C3483256F791000E4F29E /* NetworkUtil.swift */ = {isa = PBXFileReference; lastKnownFileType = sourcecode.swift; path = NetworkUtil.swift; sourceTree = "<group>"; };
		635C3485256F79B600E4F29E /* Auth.swift */ = {isa = PBXFileReference; lastKnownFileType = sourcecode.swift; path = Auth.swift; sourceTree = "<group>"; };
		635C3489256F7E0700E4F29E /* APIEndPoints.swift */ = {isa = PBXFileReference; lastKnownFileType = sourcecode.swift; path = APIEndPoints.swift; sourceTree = "<group>"; };
		635C348B256F7ED400E4F29E /* AppCoordinator.swift */ = {isa = PBXFileReference; lastKnownFileType = sourcecode.swift; path = AppCoordinator.swift; sourceTree = "<group>"; };
		635C348E256F7EEE00E4F29E /* Coordinator.swift */ = {isa = PBXFileReference; lastKnownFileType = sourcecode.swift; path = Coordinator.swift; sourceTree = "<group>"; };
		635C3490256F7F4B00E4F29E /* LoginFlowCoordinator.swift */ = {isa = PBXFileReference; lastKnownFileType = sourcecode.swift; path = LoginFlowCoordinator.swift; sourceTree = "<group>"; };
		635C3492256F800E00E4F29E /* LoginBaseViewController.swift */ = {isa = PBXFileReference; lastKnownFileType = sourcecode.swift; path = LoginBaseViewController.swift; sourceTree = "<group>"; };
		635C3495256F825B00E4F29E /* LoginPageContracts.swift */ = {isa = PBXFileReference; lastKnownFileType = sourcecode.swift; path = LoginPageContracts.swift; sourceTree = "<group>"; };
		635C3498256F826A00E4F29E /* LoginPageResponse.swift */ = {isa = PBXFileReference; lastKnownFileType = sourcecode.swift; path = LoginPageResponse.swift; sourceTree = "<group>"; };
		635C349A256F886500E4F29E /* BaseViewController.swift */ = {isa = PBXFileReference; lastKnownFileType = sourcecode.swift; path = BaseViewController.swift; sourceTree = "<group>"; };
		635C349D256F8E4E00E4F29E /* UIView+Extension.swift */ = {isa = PBXFileReference; lastKnownFileType = sourcecode.swift; path = "UIView+Extension.swift"; sourceTree = "<group>"; };
		635C349F256F8EA100E4F29E /* ConstraintMaker.swift */ = {isa = PBXFileReference; lastKnownFileType = sourcecode.swift; path = ConstraintMaker.swift; sourceTree = "<group>"; };
		637DE230256F448B0059178E /* Alodokter Test App.app */ = {isa = PBXFileReference; explicitFileType = wrapper.application; includeInIndex = 0; path = "Alodokter Test App.app"; sourceTree = BUILT_PRODUCTS_DIR; };
		637DE233256F448B0059178E /* AppDelegate.swift */ = {isa = PBXFileReference; lastKnownFileType = sourcecode.swift; path = AppDelegate.swift; sourceTree = "<group>"; };
		637DE235256F448B0059178E /* SceneDelegate.swift */ = {isa = PBXFileReference; lastKnownFileType = sourcecode.swift; path = SceneDelegate.swift; sourceTree = "<group>"; };
		637DE23F256F448C0059178E /* Base */ = {isa = PBXFileReference; lastKnownFileType = file.storyboard; name = Base; path = Base.lproj/LaunchScreen.storyboard; sourceTree = "<group>"; };
		637DE241256F448C0059178E /* Info.plist */ = {isa = PBXFileReference; lastKnownFileType = text.plist.xml; path = Info.plist; sourceTree = "<group>"; };
		637DE246256F448C0059178E /* Alodokter Test AppTests.xctest */ = {isa = PBXFileReference; explicitFileType = wrapper.cfbundle; includeInIndex = 0; path = "Alodokter Test AppTests.xctest"; sourceTree = BUILT_PRODUCTS_DIR; };
		637DE24A256F448C0059178E /* Alodokter_Test_AppTests.swift */ = {isa = PBXFileReference; lastKnownFileType = sourcecode.swift; path = Alodokter_Test_AppTests.swift; sourceTree = "<group>"; };
		637DE24C256F448C0059178E /* Info.plist */ = {isa = PBXFileReference; lastKnownFileType = text.plist.xml; path = Info.plist; sourceTree = "<group>"; };
		637DE251256F448C0059178E /* Alodokter Test AppUITests.xctest */ = {isa = PBXFileReference; explicitFileType = wrapper.cfbundle; includeInIndex = 0; path = "Alodokter Test AppUITests.xctest"; sourceTree = BUILT_PRODUCTS_DIR; };
		637DE255256F448C0059178E /* Alodokter_Test_AppUITests.swift */ = {isa = PBXFileReference; lastKnownFileType = sourcecode.swift; path = Alodokter_Test_AppUITests.swift; sourceTree = "<group>"; };
		637DE257256F448C0059178E /* Info.plist */ = {isa = PBXFileReference; lastKnownFileType = text.plist.xml; path = Info.plist; sourceTree = "<group>"; };
		637DE26A256F4A570059178E /* LoginPageViewController.swift */ = {isa = PBXFileReference; lastKnownFileType = sourcecode.swift; path = LoginPageViewController.swift; sourceTree = "<group>"; };
		637DE26C256F4A610059178E /* LoginPageViewModel.swift */ = {isa = PBXFileReference; lastKnownFileType = sourcecode.swift; path = LoginPageViewModel.swift; sourceTree = "<group>"; };
		63FFDF77256FAF6F00016A00 /* RegisterPageViewController.swift */ = {isa = PBXFileReference; lastKnownFileType = sourcecode.swift; path = RegisterPageViewController.swift; sourceTree = "<group>"; };
		63FFDF79256FAF7A00016A00 /* RegisterPageViewModel.swift */ = {isa = PBXFileReference; lastKnownFileType = sourcecode.swift; path = RegisterPageViewModel.swift; sourceTree = "<group>"; };
		63FFDF7B256FAF8200016A00 /* RegisterPageContracts.swift */ = {isa = PBXFileReference; lastKnownFileType = sourcecode.swift; path = RegisterPageContracts.swift; sourceTree = "<group>"; };
		63FFDF7E256FAF9900016A00 /* RegisterPageResponse.swift */ = {isa = PBXFileReference; lastKnownFileType = sourcecode.swift; path = RegisterPageResponse.swift; sourceTree = "<group>"; };
		63FFDF81256FB1E900016A00 /* BannerView.swift */ = {isa = PBXFileReference; lastKnownFileType = sourcecode.swift; path = BannerView.swift; sourceTree = "<group>"; };
		63FFDF85256FB79C00016A00 /* ErrorStateView.swift */ = {isa = PBXFileReference; lastKnownFileType = sourcecode.swift; path = ErrorStateView.swift; sourceTree = "<group>"; };
		63FFDF87256FB94F00016A00 /* BaseViewModelAction.swift */ = {isa = PBXFileReference; lastKnownFileType = sourcecode.swift; path = BaseViewModelAction.swift; sourceTree = "<group>"; };
		63FFDF89256FB98300016A00 /* LoadingCircleView.swift */ = {isa = PBXFileReference; lastKnownFileType = sourcecode.swift; path = LoadingCircleView.swift; sourceTree = "<group>"; };
		63FFDF8B256FB99900016A00 /* LoadingAnimationView.swift */ = {isa = PBXFileReference; lastKnownFileType = sourcecode.swift; path = LoadingAnimationView.swift; sourceTree = "<group>"; };
		63FFDF8D256FB9B100016A00 /* LoadingStateView.swift */ = {isa = PBXFileReference; lastKnownFileType = sourcecode.swift; path = LoadingStateView.swift; sourceTree = "<group>"; };
		63FFDF90256FEFCB00016A00 /* TabbarCoordinator.swift */ = {isa = PBXFileReference; lastKnownFileType = sourcecode.swift; path = TabbarCoordinator.swift; sourceTree = "<group>"; };
		63FFDF92256FF4B000016A00 /* HomeViewController.swift */ = {isa = PBXFileReference; lastKnownFileType = sourcecode.swift; path = HomeViewController.swift; sourceTree = "<group>"; };
		63FFDF95256FF4D500016A00 /* ProfileViewController.swift */ = {isa = PBXFileReference; lastKnownFileType = sourcecode.swift; path = ProfileViewController.swift; sourceTree = "<group>"; };
		63FFDF992570158E00016A00 /* Assets.xcassets */ = {isa = PBXFileReference; lastKnownFileType = folder.assetcatalog; path = Assets.xcassets; sourceTree = "<group>"; };
		63FFDF9B25701B0D00016A00 /* ProfileViewModel.swift */ = {isa = PBXFileReference; lastKnownFileType = sourcecode.swift; path = ProfileViewModel.swift; sourceTree = "<group>"; };
		63FFDF9E25701B9900016A00 /* GetProfileResponse.swift */ = {isa = PBXFileReference; lastKnownFileType = sourcecode.swift; path = GetProfileResponse.swift; sourceTree = "<group>"; };
		63FFDFA02570203300016A00 /* ProfileViewModelAction.swift */ = {isa = PBXFileReference; lastKnownFileType = sourcecode.swift; path = ProfileViewModelAction.swift; sourceTree = "<group>"; };
		63FFDFA32570938A00016A00 /* TabbarBaseViewController.swift */ = {isa = PBXFileReference; lastKnownFileType = sourcecode.swift; path = TabbarBaseViewController.swift; sourceTree = "<group>"; };
		63FFDFA525709B6200016A00 /* HomeViewModel.swift */ = {isa = PBXFileReference; lastKnownFileType = sourcecode.swift; path = HomeViewModel.swift; sourceTree = "<group>"; };
		63FFDFA725709C0400016A00 /* HomeContracts.swift */ = {isa = PBXFileReference; lastKnownFileType = sourcecode.swift; path = HomeContracts.swift; sourceTree = "<group>"; };
		63FFDFAA25709D2D00016A00 /* ContentCollectionViewCell.swift */ = {isa = PBXFileReference; lastKnownFileType = sourcecode.swift; path = ContentCollectionViewCell.swift; sourceTree = "<group>"; };
		63FFDFAD25709FBE00016A00 /* HomeResponse.swift */ = {isa = PBXFileReference; lastKnownFileType = sourcecode.swift; path = HomeResponse.swift; sourceTree = "<group>"; };
		63FFDFAF2570A7A600016A00 /* UIImage+Extension.swift */ = {isa = PBXFileReference; lastKnownFileType = sourcecode.swift; path = "UIImage+Extension.swift"; sourceTree = "<group>"; };
		63FFDFB22570B28700016A00 /* ContentDetailViewController.swift */ = {isa = PBXFileReference; lastKnownFileType = sourcecode.swift; path = ContentDetailViewController.swift; sourceTree = "<group>"; };
		63FFDFB62570D24700016A00 /* ProfileImage.swift */ = {isa = PBXFileReference; lastKnownFileType = sourcecode.swift; path = ProfileImage.swift; sourceTree = "<group>"; };
		63FFDFBA2570E3CC00016A00 /* LoginPageMocks.swift */ = {isa = PBXFileReference; lastKnownFileType = sourcecode.swift; path = LoginPageMocks.swift; sourceTree = "<group>"; };
		63FFDFBE2570E7FE00016A00 /* LoginPageViewModelTest.swift */ = {isa = PBXFileReference; lastKnownFileType = sourcecode.swift; path = LoginPageViewModelTest.swift; sourceTree = "<group>"; };
		63FFDFC12570EF9900016A00 /* ResgisterPageViewModelTest.swift */ = {isa = PBXFileReference; lastKnownFileType = sourcecode.swift; path = ResgisterPageViewModelTest.swift; sourceTree = "<group>"; };
		63FFDFC32570EFA200016A00 /* RegisterPageMocks.swift */ = {isa = PBXFileReference; lastKnownFileType = sourcecode.swift; path = RegisterPageMocks.swift; sourceTree = "<group>"; };
		63FFDFC82570EFCD00016A00 /* HomeViewModelTest.swift */ = {isa = PBXFileReference; lastKnownFileType = sourcecode.swift; path = HomeViewModelTest.swift; sourceTree = "<group>"; };
		63FFDFCA2570EFD300016A00 /* HomeMocks.swift */ = {isa = PBXFileReference; lastKnownFileType = sourcecode.swift; path = HomeMocks.swift; sourceTree = "<group>"; };
		63FFDFCC2570EFE100016A00 /* ProfileViewModelTest.swift */ = {isa = PBXFileReference; lastKnownFileType = sourcecode.swift; path = ProfileViewModelTest.swift; sourceTree = "<group>"; };
		63FFDFCE2570EFED00016A00 /* ProfileMocks.swift */ = {isa = PBXFileReference; lastKnownFileType = sourcecode.swift; path = ProfileMocks.swift; sourceTree = "<group>"; };
/* End PBXFileReference section */

/* Begin PBXFrameworksBuildPhase section */
		637DE22D256F448B0059178E /* Frameworks */ = {
			isa = PBXFrameworksBuildPhase;
			buildActionMask = 2147483647;
			files = (
			);
			runOnlyForDeploymentPostprocessing = 0;
		};
		637DE243256F448C0059178E /* Frameworks */ = {
			isa = PBXFrameworksBuildPhase;
			buildActionMask = 2147483647;
			files = (
			);
			runOnlyForDeploymentPostprocessing = 0;
		};
		637DE24E256F448C0059178E /* Frameworks */ = {
			isa = PBXFrameworksBuildPhase;
			buildActionMask = 2147483647;
			files = (
			);
			runOnlyForDeploymentPostprocessing = 0;
		};
/* End PBXFrameworksBuildPhase section */

/* Begin PBXGroup section */
		635C3481256F77CD00E4F29E /* Common Component */ = {
			isa = PBXGroup;
			children = (
				63FFDF80256FB1DF00016A00 /* Banner */,
				635C34A1256F8EB600E4F29E /* Base */,
				63FFDF84256FB77500016A00 /* Error State */,
				63FFDF83256FB76C00016A00 /* Loading State */,
				635C3482256F78FE00E4F29E /* Network */,
				635C349C256F8E3C00E4F29E /* Util */,
				6334E08D256F9E8E003E765D /* CommonButton.swift */,
				6334E089256F946E003E765D /* CommonTextFieldContainer.swift */,
			);
			path = "Common Component";
			sourceTree = "<group>";
		};
		635C3482256F78FE00E4F29E /* Network */ = {
			isa = PBXGroup;
			children = (
				635C3489256F7E0700E4F29E /* APIEndPoints.swift */,
				635C3485256F79B600E4F29E /* Auth.swift */,
				635C3483256F791000E4F29E /* NetworkUtil.swift */,
			);
			path = Network;
			sourceTree = "<group>";
		};
		635C348D256F7ED900E4F29E /* App Coordinator */ = {
			isa = PBXGroup;
			children = (
				635C348E256F7EEE00E4F29E /* Coordinator.swift */,
				635C348B256F7ED400E4F29E /* AppCoordinator.swift */,
			);
			path = "App Coordinator";
			sourceTree = "<group>";
		};
		635C3494256F821300E4F29E /* Base Component */ = {
			isa = PBXGroup;
			children = (
				635C3490256F7F4B00E4F29E /* LoginFlowCoordinator.swift */,
				635C3492256F800E00E4F29E /* LoginBaseViewController.swift */,
			);
			path = "Base Component";
			sourceTree = "<group>";
		};
		635C3497256F826000E4F29E /* Response */ = {
			isa = PBXGroup;
			children = (
				635C3498256F826A00E4F29E /* LoginPageResponse.swift */,
			);
			path = Response;
			sourceTree = "<group>";
		};
		635C349C256F8E3C00E4F29E /* Util */ = {
			isa = PBXGroup;
			children = (
				635C349F256F8EA100E4F29E /* ConstraintMaker.swift */,
				63FFDFB62570D24700016A00 /* ProfileImage.swift */,
				635C349D256F8E4E00E4F29E /* UIView+Extension.swift */,
				6334E08B256F95D9003E765D /* UIColor+Extension.swift */,
				63FFDFAF2570A7A600016A00 /* UIImage+Extension.swift */,
			);
			path = Util;
			sourceTree = "<group>";
		};
		635C34A1256F8EB600E4F29E /* Base */ = {
			isa = PBXGroup;
			children = (
				635C349A256F886500E4F29E /* BaseViewController.swift */,
				63FFDF87256FB94F00016A00 /* BaseViewModelAction.swift */,
			);
			path = Base;
			sourceTree = "<group>";
		};
		637DE227256F448B0059178E = {
			isa = PBXGroup;
			children = (
				637DE232256F448B0059178E /* Alodokter Test App */,
				637DE249256F448C0059178E /* Alodokter Test AppTests */,
				637DE254256F448C0059178E /* Alodokter Test AppUITests */,
				637DE231256F448B0059178E /* Products */,
			);
			sourceTree = "<group>";
		};
		637DE231256F448B0059178E /* Products */ = {
			isa = PBXGroup;
			children = (
				637DE230256F448B0059178E /* Alodokter Test App.app */,
				637DE246256F448C0059178E /* Alodokter Test AppTests.xctest */,
				637DE251256F448C0059178E /* Alodokter Test AppUITests.xctest */,
			);
			name = Products;
			sourceTree = "<group>";
		};
		637DE232256F448B0059178E /* Alodokter Test App */ = {
			isa = PBXGroup;
			children = (
				637DE263256F49D70059178E /* App Delegate */,
				637DE267256F4A020059178E /* Assets */,
				635C3481256F77CD00E4F29E /* Common Component */,
				637DE264256F49DF0059178E /* Login Flow */,
				63FFDF8F256FEFAD00016A00 /* Main Flow */,
				637DE266256F49EB0059178E /* User Profile */,
			);
			path = "Alodokter Test App";
			sourceTree = "<group>";
		};
		637DE249256F448C0059178E /* Alodokter Test AppTests */ = {
			isa = PBXGroup;
			children = (
				63FFDFC52570EFA900016A00 /* Main Flow */,
				63FFDFB82570E37A00016A00 /* Login Flow */,
				637DE24A256F448C0059178E /* Alodokter_Test_AppTests.swift */,
				637DE24C256F448C0059178E /* Info.plist */,
			);
			path = "Alodokter Test AppTests";
			sourceTree = "<group>";
		};
		637DE254256F448C0059178E /* Alodokter Test AppUITests */ = {
			isa = PBXGroup;
			children = (
				637DE255256F448C0059178E /* Alodokter_Test_AppUITests.swift */,
				637DE257256F448C0059178E /* Info.plist */,
			);
			path = "Alodokter Test AppUITests";
			sourceTree = "<group>";
		};
		637DE263256F49D70059178E /* App Delegate */ = {
			isa = PBXGroup;
			children = (
				635C348D256F7ED900E4F29E /* App Coordinator */,
				637DE233256F448B0059178E /* AppDelegate.swift */,
				637DE235256F448B0059178E /* SceneDelegate.swift */,
			);
			path = "App Delegate";
			sourceTree = "<group>";
		};
		637DE264256F49DF0059178E /* Login Flow */ = {
			isa = PBXGroup;
			children = (
				635C3494256F821300E4F29E /* Base Component */,
				637DE268256F4A1C0059178E /* Login Page */,
				637DE269256F4A2C0059178E /* Register Page */,
			);
			path = "Login Flow";
			sourceTree = "<group>";
		};
		637DE265256F49E70059178E /* Home */ = {
			isa = PBXGroup;
			children = (
				63FFDFB12570B26E00016A00 /* Content Detail */,
				63FFDFA925709D0B00016A00 /* Cell */,
				63FFDFAC25709FA300016A00 /* Response */,
				63FFDF92256FF4B000016A00 /* HomeViewController.swift */,
				63FFDFA525709B6200016A00 /* HomeViewModel.swift */,
				63FFDFA725709C0400016A00 /* HomeContracts.swift */,
			);
			path = Home;
			sourceTree = "<group>";
		};
		637DE266256F49EB0059178E /* User Profile */ = {
			isa = PBXGroup;
			children = (
			);
			path = "User Profile";
			sourceTree = "<group>";
		};
		637DE267256F4A020059178E /* Assets */ = {
			isa = PBXGroup;
			children = (
				637DE23E256F448C0059178E /* LaunchScreen.storyboard */,
				63FFDF992570158E00016A00 /* Assets.xcassets */,
				637DE241256F448C0059178E /* Info.plist */,
			);
			path = Assets;
			sourceTree = "<group>";
		};
		637DE268256F4A1C0059178E /* Login Page */ = {
			isa = PBXGroup;
			children = (
				635C3497256F826000E4F29E /* Response */,
				637DE26A256F4A570059178E /* LoginPageViewController.swift */,
				637DE26C256F4A610059178E /* LoginPageViewModel.swift */,
				635C3495256F825B00E4F29E /* LoginPageContracts.swift */,
			);
			path = "Login Page";
			sourceTree = "<group>";
		};
		637DE269256F4A2C0059178E /* Register Page */ = {
			isa = PBXGroup;
			children = (
				63FFDF7D256FAF8800016A00 /* Response */,
				63FFDF77256FAF6F00016A00 /* RegisterPageViewController.swift */,
				63FFDF79256FAF7A00016A00 /* RegisterPageViewModel.swift */,
				63FFDF7B256FAF8200016A00 /* RegisterPageContracts.swift */,
			);
			path = "Register Page";
			sourceTree = "<group>";
		};
		63FFDF7D256FAF8800016A00 /* Response */ = {
			isa = PBXGroup;
			children = (
				63FFDF7E256FAF9900016A00 /* RegisterPageResponse.swift */,
			);
			path = Response;
			sourceTree = "<group>";
		};
		63FFDF80256FB1DF00016A00 /* Banner */ = {
			isa = PBXGroup;
			children = (
				63FFDF81256FB1E900016A00 /* BannerView.swift */,
			);
			path = Banner;
			sourceTree = "<group>";
		};
		63FFDF83256FB76C00016A00 /* Loading State */ = {
			isa = PBXGroup;
			children = (
				63FFDF8D256FB9B100016A00 /* LoadingStateView.swift */,
				63FFDF8B256FB99900016A00 /* LoadingAnimationView.swift */,
				63FFDF89256FB98300016A00 /* LoadingCircleView.swift */,
			);
			path = "Loading State";
			sourceTree = "<group>";
		};
		63FFDF84256FB77500016A00 /* Error State */ = {
			isa = PBXGroup;
			children = (
				63FFDF85256FB79C00016A00 /* ErrorStateView.swift */,
			);
			path = "Error State";
			sourceTree = "<group>";
		};
		63FFDF8F256FEFAD00016A00 /* Main Flow */ = {
			isa = PBXGroup;
			children = (
				63FFDFA22570928C00016A00 /* Base Component */,
				637DE265256F49E70059178E /* Home */,
				63FFDF94256FF4C500016A00 /* Profile */,
			);
			path = "Main Flow";
			sourceTree = "<group>";
		};
		63FFDF94256FF4C500016A00 /* Profile */ = {
			isa = PBXGroup;
			children = (
				63FFDF9D25701B8800016A00 /* Response */,
				63FFDF95256FF4D500016A00 /* ProfileViewController.swift */,
				63FFDF9B25701B0D00016A00 /* ProfileViewModel.swift */,
				63FFDFA02570203300016A00 /* ProfileViewModelAction.swift */,
			);
			path = Profile;
			sourceTree = "<group>";
		};
		63FFDF9D25701B8800016A00 /* Response */ = {
			isa = PBXGroup;
			children = (
				63FFDF9E25701B9900016A00 /* GetProfileResponse.swift */,
			);
			path = Response;
			sourceTree = "<group>";
		};
		63FFDFA22570928C00016A00 /* Base Component */ = {
			isa = PBXGroup;
			children = (
				63FFDF90256FEFCB00016A00 /* TabbarCoordinator.swift */,
				63FFDFA32570938A00016A00 /* TabbarBaseViewController.swift */,
			);
			path = "Base Component";
			sourceTree = "<group>";
		};
		63FFDFA925709D0B00016A00 /* Cell */ = {
			isa = PBXGroup;
			children = (
				63FFDFAA25709D2D00016A00 /* ContentCollectionViewCell.swift */,
			);
			path = Cell;
			sourceTree = "<group>";
		};
		63FFDFAC25709FA300016A00 /* Response */ = {
			isa = PBXGroup;
			children = (
				63FFDFAD25709FBE00016A00 /* HomeResponse.swift */,
			);
			path = Response;
			sourceTree = "<group>";
		};
		63FFDFB12570B26E00016A00 /* Content Detail */ = {
			isa = PBXGroup;
			children = (
				63FFDFB22570B28700016A00 /* ContentDetailViewController.swift */,
			);
			path = "Content Detail";
			sourceTree = "<group>";
		};
		63FFDFB82570E37A00016A00 /* Login Flow */ = {
			isa = PBXGroup;
			children = (
				63FFDFC02570EF8500016A00 /* Register Page */,
				63FFDFB92570E3B600016A00 /* Login Page */,
			);
			path = "Login Flow";
			sourceTree = "<group>";
		};
		63FFDFB92570E3B600016A00 /* Login Page */ = {
			isa = PBXGroup;
			children = (
				63FFDFBE2570E7FE00016A00 /* LoginPageViewModelTest.swift */,
				63FFDFBA2570E3CC00016A00 /* LoginPageMocks.swift */,
			);
			path = "Login Page";
			sourceTree = "<group>";
		};
		63FFDFC02570EF8500016A00 /* Register Page */ = {
			isa = PBXGroup;
			children = (
				63FFDFC12570EF9900016A00 /* ResgisterPageViewModelTest.swift */,
				63FFDFC32570EFA200016A00 /* RegisterPageMocks.swift */,
			);
			path = "Register Page";
			sourceTree = "<group>";
		};
		63FFDFC52570EFA900016A00 /* Main Flow */ = {
			isa = PBXGroup;
			children = (
				63FFDFC62570EFB700016A00 /* Home */,
				63FFDFC72570EFBB00016A00 /* Profile */,
			);
			path = "Main Flow";
			sourceTree = "<group>";
		};
		63FFDFC62570EFB700016A00 /* Home */ = {
			isa = PBXGroup;
			children = (
				63FFDFC82570EFCD00016A00 /* HomeViewModelTest.swift */,
				63FFDFCA2570EFD300016A00 /* HomeMocks.swift */,
			);
			path = Home;
			sourceTree = "<group>";
		};
		63FFDFC72570EFBB00016A00 /* Profile */ = {
			isa = PBXGroup;
			children = (
				63FFDFCC2570EFE100016A00 /* ProfileViewModelTest.swift */,
				63FFDFCE2570EFED00016A00 /* ProfileMocks.swift */,
			);
			path = Profile;
			sourceTree = "<group>";
		};
/* End PBXGroup section */

/* Begin PBXNativeTarget section */
		637DE22F256F448B0059178E /* Alodokter Test App */ = {
			isa = PBXNativeTarget;
			buildConfigurationList = 637DE25A256F448C0059178E /* Build configuration list for PBXNativeTarget "Alodokter Test App" */;
			buildPhases = (
				637DE22C256F448B0059178E /* Sources */,
				637DE22D256F448B0059178E /* Frameworks */,
				637DE22E256F448B0059178E /* Resources */,
			);
			buildRules = (
			);
			dependencies = (
			);
			name = "Alodokter Test App";
			productName = "Alodokter Test App";
			productReference = 637DE230256F448B0059178E /* Alodokter Test App.app */;
			productType = "com.apple.product-type.application";
		};
		637DE245256F448C0059178E /* Alodokter Test AppTests */ = {
			isa = PBXNativeTarget;
			buildConfigurationList = 637DE25D256F448C0059178E /* Build configuration list for PBXNativeTarget "Alodokter Test AppTests" */;
			buildPhases = (
				637DE242256F448C0059178E /* Sources */,
				637DE243256F448C0059178E /* Frameworks */,
				637DE244256F448C0059178E /* Resources */,
			);
			buildRules = (
			);
			dependencies = (
				637DE248256F448C0059178E /* PBXTargetDependency */,
			);
			name = "Alodokter Test AppTests";
			productName = "Alodokter Test AppTests";
			productReference = 637DE246256F448C0059178E /* Alodokter Test AppTests.xctest */;
			productType = "com.apple.product-type.bundle.unit-test";
		};
		637DE250256F448C0059178E /* Alodokter Test AppUITests */ = {
			isa = PBXNativeTarget;
			buildConfigurationList = 637DE260256F448C0059178E /* Build configuration list for PBXNativeTarget "Alodokter Test AppUITests" */;
			buildPhases = (
				637DE24D256F448C0059178E /* Sources */,
				637DE24E256F448C0059178E /* Frameworks */,
				637DE24F256F448C0059178E /* Resources */,
			);
			buildRules = (
			);
			dependencies = (
				637DE253256F448C0059178E /* PBXTargetDependency */,
			);
			name = "Alodokter Test AppUITests";
			productName = "Alodokter Test AppUITests";
			productReference = 637DE251256F448C0059178E /* Alodokter Test AppUITests.xctest */;
			productType = "com.apple.product-type.bundle.ui-testing";
		};
/* End PBXNativeTarget section */

/* Begin PBXProject section */
		637DE228256F448B0059178E /* Project object */ = {
			isa = PBXProject;
			attributes = {
				LastSwiftUpdateCheck = 1160;
				LastUpgradeCheck = 1160;
				ORGANIZATIONNAME = "David Jordan Manalu";
				TargetAttributes = {
					637DE22F256F448B0059178E = {
						CreatedOnToolsVersion = 11.6;
					};
					637DE245256F448C0059178E = {
						CreatedOnToolsVersion = 11.6;
						TestTargetID = 637DE22F256F448B0059178E;
					};
					637DE250256F448C0059178E = {
						CreatedOnToolsVersion = 11.6;
						TestTargetID = 637DE22F256F448B0059178E;
					};
				};
			};
			buildConfigurationList = 637DE22B256F448B0059178E /* Build configuration list for PBXProject "Alodokter Test App" */;
			compatibilityVersion = "Xcode 9.3";
			developmentRegion = en;
			hasScannedForEncodings = 0;
			knownRegions = (
				en,
				Base,
			);
			mainGroup = 637DE227256F448B0059178E;
			productRefGroup = 637DE231256F448B0059178E /* Products */;
			projectDirPath = "";
			projectRoot = "";
			targets = (
				637DE22F256F448B0059178E /* Alodokter Test App */,
				637DE245256F448C0059178E /* Alodokter Test AppTests */,
				637DE250256F448C0059178E /* Alodokter Test AppUITests */,
			);
		};
/* End PBXProject section */

/* Begin PBXResourcesBuildPhase section */
		637DE22E256F448B0059178E /* Resources */ = {
			isa = PBXResourcesBuildPhase;
			buildActionMask = 2147483647;
			files = (
				63FFDF9A2570158E00016A00 /* Assets.xcassets in Resources */,
				637DE240256F448C0059178E /* LaunchScreen.storyboard in Resources */,
			);
			runOnlyForDeploymentPostprocessing = 0;
		};
		637DE244256F448C0059178E /* Resources */ = {
			isa = PBXResourcesBuildPhase;
			buildActionMask = 2147483647;
			files = (
			);
			runOnlyForDeploymentPostprocessing = 0;
		};
		637DE24F256F448C0059178E /* Resources */ = {
			isa = PBXResourcesBuildPhase;
			buildActionMask = 2147483647;
			files = (
			);
			runOnlyForDeploymentPostprocessing = 0;
		};
/* End PBXResourcesBuildPhase section */

/* Begin PBXSourcesBuildPhase section */
		637DE22C256F448B0059178E /* Sources */ = {
			isa = PBXSourcesBuildPhase;
			buildActionMask = 2147483647;
			files = (
				63FFDF9F25701B9900016A00 /* GetProfileResponse.swift in Sources */,
				63FFDF7F256FAF9900016A00 /* RegisterPageResponse.swift in Sources */,
				63FFDF88256FB95000016A00 /* BaseViewModelAction.swift in Sources */,
				63FFDF93256FF4B000016A00 /* HomeViewController.swift in Sources */,
				635C3484256F791000E4F29E /* NetworkUtil.swift in Sources */,
				635C3499256F826A00E4F29E /* LoginPageResponse.swift in Sources */,
				635C3493256F800E00E4F29E /* LoginBaseViewController.swift in Sources */,
				63FFDF96256FF4D500016A00 /* ProfileViewController.swift in Sources */,
				6334E08C256F95D9003E765D /* UIColor+Extension.swift in Sources */,
				63FFDF8C256FB99900016A00 /* LoadingAnimationView.swift in Sources */,
				63FFDFA625709B6200016A00 /* HomeViewModel.swift in Sources */,
				63FFDFA825709C0400016A00 /* HomeContracts.swift in Sources */,
				63FFDF7A256FAF7A00016A00 /* RegisterPageViewModel.swift in Sources */,
				63FFDF78256FAF6F00016A00 /* RegisterPageViewController.swift in Sources */,
				635C349E256F8E4E00E4F29E /* UIView+Extension.swift in Sources */,
				63FFDFB32570B28700016A00 /* ContentDetailViewController.swift in Sources */,
				635C348C256F7ED400E4F29E /* AppCoordinator.swift in Sources */,
				635C34A0256F8EA100E4F29E /* ConstraintMaker.swift in Sources */,
				63FFDFAB25709D2D00016A00 /* ContentCollectionViewCell.swift in Sources */,
				6334E08A256F946E003E765D /* CommonTextFieldContainer.swift in Sources */,
				63FFDF8E256FB9B100016A00 /* LoadingStateView.swift in Sources */,
				637DE26B256F4A570059178E /* LoginPageViewController.swift in Sources */,
				63FFDFAE25709FBE00016A00 /* HomeResponse.swift in Sources */,
				6334E08E256F9E8E003E765D /* CommonButton.swift in Sources */,
				63FFDF9C25701B0D00016A00 /* ProfileViewModel.swift in Sources */,
				635C349B256F886500E4F29E /* BaseViewController.swift in Sources */,
				63FFDF7C256FAF8200016A00 /* RegisterPageContracts.swift in Sources */,
				637DE26D256F4A610059178E /* LoginPageViewModel.swift in Sources */,
				635C3491256F7F4B00E4F29E /* LoginFlowCoordinator.swift in Sources */,
				635C3496256F825B00E4F29E /* LoginPageContracts.swift in Sources */,
				63FFDFB02570A7A600016A00 /* UIImage+Extension.swift in Sources */,
				635C348A256F7E0700E4F29E /* APIEndPoints.swift in Sources */,
				63FFDFB72570D24700016A00 /* ProfileImage.swift in Sources */,
				63FFDF86256FB79C00016A00 /* ErrorStateView.swift in Sources */,
				637DE234256F448B0059178E /* AppDelegate.swift in Sources */,
				63FFDFA12570203300016A00 /* ProfileViewModelAction.swift in Sources */,
				63FFDF8A256FB98300016A00 /* LoadingCircleView.swift in Sources */,
				63FFDF82256FB1E900016A00 /* BannerView.swift in Sources */,
				63FFDFA42570938A00016A00 /* TabbarBaseViewController.swift in Sources */,
				637DE236256F448B0059178E /* SceneDelegate.swift in Sources */,
				635C3486256F79B600E4F29E /* Auth.swift in Sources */,
				63FFDF91256FEFCB00016A00 /* TabbarCoordinator.swift in Sources */,
				635C348F256F7EEE00E4F29E /* Coordinator.swift in Sources */,
			);
			runOnlyForDeploymentPostprocessing = 0;
		};
		637DE242256F448C0059178E /* Sources */ = {
			isa = PBXSourcesBuildPhase;
			buildActionMask = 2147483647;
			files = (
				63FFDFC42570EFA200016A00 /* RegisterPageMocks.swift in Sources */,
				63FFDFCB2570EFD300016A00 /* HomeMocks.swift in Sources */,
				63FFDFCD2570EFE100016A00 /* ProfileViewModelTest.swift in Sources */,
				63FFDFC22570EF9900016A00 /* ResgisterPageViewModelTest.swift in Sources */,
				63FFDFBB2570E3CC00016A00 /* LoginPageMocks.swift in Sources */,
				63FFDFC92570EFCD00016A00 /* HomeViewModelTest.swift in Sources */,
				637DE24B256F448C0059178E /* Alodokter_Test_AppTests.swift in Sources */,
				63FFDFCF2570EFED00016A00 /* ProfileMocks.swift in Sources */,
				63FFDFBF2570E7FE00016A00 /* LoginPageViewModelTest.swift in Sources */,
			);
			runOnlyForDeploymentPostprocessing = 0;
		};
		637DE24D256F448C0059178E /* Sources */ = {
			isa = PBXSourcesBuildPhase;
			buildActionMask = 2147483647;
			files = (
				637DE256256F448C0059178E /* Alodokter_Test_AppUITests.swift in Sources */,
			);
			runOnlyForDeploymentPostprocessing = 0;
		};
/* End PBXSourcesBuildPhase section */

/* Begin PBXTargetDependency section */
		637DE248256F448C0059178E /* PBXTargetDependency */ = {
			isa = PBXTargetDependency;
			target = 637DE22F256F448B0059178E /* Alodokter Test App */;
			targetProxy = 637DE247256F448C0059178E /* PBXContainerItemProxy */;
		};
		637DE253256F448C0059178E /* PBXTargetDependency */ = {
			isa = PBXTargetDependency;
			target = 637DE22F256F448B0059178E /* Alodokter Test App */;
			targetProxy = 637DE252256F448C0059178E /* PBXContainerItemProxy */;
		};
/* End PBXTargetDependency section */

/* Begin PBXVariantGroup section */
		637DE23E256F448C0059178E /* LaunchScreen.storyboard */ = {
			isa = PBXVariantGroup;
			children = (
				637DE23F256F448C0059178E /* Base */,
			);
			name = LaunchScreen.storyboard;
			sourceTree = "<group>";
		};
/* End PBXVariantGroup section */

/* Begin XCBuildConfiguration section */
		637DE258256F448C0059178E /* Debug */ = {
			isa = XCBuildConfiguration;
			buildSettings = {
				ALWAYS_SEARCH_USER_PATHS = NO;
				CLANG_ANALYZER_NONNULL = YES;
				CLANG_ANALYZER_NUMBER_OBJECT_CONVERSION = YES_AGGRESSIVE;
				CLANG_CXX_LANGUAGE_STANDARD = "gnu++14";
				CLANG_CXX_LIBRARY = "libc++";
				CLANG_ENABLE_MODULES = YES;
				CLANG_ENABLE_OBJC_ARC = YES;
				CLANG_ENABLE_OBJC_WEAK = YES;
				CLANG_WARN_BLOCK_CAPTURE_AUTORELEASING = YES;
				CLANG_WARN_BOOL_CONVERSION = YES;
				CLANG_WARN_COMMA = YES;
				CLANG_WARN_CONSTANT_CONVERSION = YES;
				CLANG_WARN_DEPRECATED_OBJC_IMPLEMENTATIONS = YES;
				CLANG_WARN_DIRECT_OBJC_ISA_USAGE = YES_ERROR;
				CLANG_WARN_DOCUMENTATION_COMMENTS = YES;
				CLANG_WARN_EMPTY_BODY = YES;
				CLANG_WARN_ENUM_CONVERSION = YES;
				CLANG_WARN_INFINITE_RECURSION = YES;
				CLANG_WARN_INT_CONVERSION = YES;
				CLANG_WARN_NON_LITERAL_NULL_CONVERSION = YES;
				CLANG_WARN_OBJC_IMPLICIT_RETAIN_SELF = YES;
				CLANG_WARN_OBJC_LITERAL_CONVERSION = YES;
				CLANG_WARN_OBJC_ROOT_CLASS = YES_ERROR;
				CLANG_WARN_RANGE_LOOP_ANALYSIS = YES;
				CLANG_WARN_STRICT_PROTOTYPES = YES;
				CLANG_WARN_SUSPICIOUS_MOVE = YES;
				CLANG_WARN_UNGUARDED_AVAILABILITY = YES_AGGRESSIVE;
				CLANG_WARN_UNREACHABLE_CODE = YES;
				CLANG_WARN__DUPLICATE_METHOD_MATCH = YES;
				COPY_PHASE_STRIP = NO;
				DEBUG_INFORMATION_FORMAT = dwarf;
				ENABLE_STRICT_OBJC_MSGSEND = YES;
				ENABLE_TESTABILITY = YES;
				GCC_C_LANGUAGE_STANDARD = gnu11;
				GCC_DYNAMIC_NO_PIC = NO;
				GCC_NO_COMMON_BLOCKS = YES;
				GCC_OPTIMIZATION_LEVEL = 0;
				GCC_PREPROCESSOR_DEFINITIONS = (
					"DEBUG=1",
					"$(inherited)",
				);
				GCC_WARN_64_TO_32_BIT_CONVERSION = YES;
				GCC_WARN_ABOUT_RETURN_TYPE = YES_ERROR;
				GCC_WARN_UNDECLARED_SELECTOR = YES;
				GCC_WARN_UNINITIALIZED_AUTOS = YES_AGGRESSIVE;
				GCC_WARN_UNUSED_FUNCTION = YES;
				GCC_WARN_UNUSED_VARIABLE = YES;
				IPHONEOS_DEPLOYMENT_TARGET = 11.0;
				MTL_ENABLE_DEBUG_INFO = INCLUDE_SOURCE;
				MTL_FAST_MATH = YES;
				ONLY_ACTIVE_ARCH = YES;
				SDKROOT = iphoneos;
				SWIFT_ACTIVE_COMPILATION_CONDITIONS = DEBUG;
				SWIFT_OPTIMIZATION_LEVEL = "-Onone";
			};
			name = Debug;
		};
		637DE259256F448C0059178E /* Release */ = {
			isa = XCBuildConfiguration;
			buildSettings = {
				ALWAYS_SEARCH_USER_PATHS = NO;
				CLANG_ANALYZER_NONNULL = YES;
				CLANG_ANALYZER_NUMBER_OBJECT_CONVERSION = YES_AGGRESSIVE;
				CLANG_CXX_LANGUAGE_STANDARD = "gnu++14";
				CLANG_CXX_LIBRARY = "libc++";
				CLANG_ENABLE_MODULES = YES;
				CLANG_ENABLE_OBJC_ARC = YES;
				CLANG_ENABLE_OBJC_WEAK = YES;
				CLANG_WARN_BLOCK_CAPTURE_AUTORELEASING = YES;
				CLANG_WARN_BOOL_CONVERSION = YES;
				CLANG_WARN_COMMA = YES;
				CLANG_WARN_CONSTANT_CONVERSION = YES;
				CLANG_WARN_DEPRECATED_OBJC_IMPLEMENTATIONS = YES;
				CLANG_WARN_DIRECT_OBJC_ISA_USAGE = YES_ERROR;
				CLANG_WARN_DOCUMENTATION_COMMENTS = YES;
				CLANG_WARN_EMPTY_BODY = YES;
				CLANG_WARN_ENUM_CONVERSION = YES;
				CLANG_WARN_INFINITE_RECURSION = YES;
				CLANG_WARN_INT_CONVERSION = YES;
				CLANG_WARN_NON_LITERAL_NULL_CONVERSION = YES;
				CLANG_WARN_OBJC_IMPLICIT_RETAIN_SELF = YES;
				CLANG_WARN_OBJC_LITERAL_CONVERSION = YES;
				CLANG_WARN_OBJC_ROOT_CLASS = YES_ERROR;
				CLANG_WARN_RANGE_LOOP_ANALYSIS = YES;
				CLANG_WARN_STRICT_PROTOTYPES = YES;
				CLANG_WARN_SUSPICIOUS_MOVE = YES;
				CLANG_WARN_UNGUARDED_AVAILABILITY = YES_AGGRESSIVE;
				CLANG_WARN_UNREACHABLE_CODE = YES;
				CLANG_WARN__DUPLICATE_METHOD_MATCH = YES;
				COPY_PHASE_STRIP = NO;
				DEBUG_INFORMATION_FORMAT = "dwarf-with-dsym";
				ENABLE_NS_ASSERTIONS = NO;
				ENABLE_STRICT_OBJC_MSGSEND = YES;
				GCC_C_LANGUAGE_STANDARD = gnu11;
				GCC_NO_COMMON_BLOCKS = YES;
				GCC_WARN_64_TO_32_BIT_CONVERSION = YES;
				GCC_WARN_ABOUT_RETURN_TYPE = YES_ERROR;
				GCC_WARN_UNDECLARED_SELECTOR = YES;
				GCC_WARN_UNINITIALIZED_AUTOS = YES_AGGRESSIVE;
				GCC_WARN_UNUSED_FUNCTION = YES;
				GCC_WARN_UNUSED_VARIABLE = YES;
				IPHONEOS_DEPLOYMENT_TARGET = 11.0;
				MTL_ENABLE_DEBUG_INFO = NO;
				MTL_FAST_MATH = YES;
				SDKROOT = iphoneos;
				SWIFT_COMPILATION_MODE = wholemodule;
				SWIFT_OPTIMIZATION_LEVEL = "-O";
				VALIDATE_PRODUCT = YES;
			};
			name = Release;
		};
		637DE25B256F448C0059178E /* Debug */ = {
			isa = XCBuildConfiguration;
			buildSettings = {
				ASSETCATALOG_COMPILER_APPICON_NAME = AppIcon;
				CODE_SIGN_STYLE = Automatic;
				DEVELOPMENT_TEAM = 2FCCGZG9V5;
				INFOPLIST_FILE = "Alodokter Test App/Assets/Info.plist";
				LD_RUNPATH_SEARCH_PATHS = (
					"$(inherited)",
					"@executable_path/Frameworks",
				);
				PRODUCT_BUNDLE_IDENTIFIER = "djm.Alodokter-Test-App";
				PRODUCT_NAME = "$(TARGET_NAME)";
				SWIFT_VERSION = 5.0;
				TARGETED_DEVICE_FAMILY = 1;
			};
			name = Debug;
		};
		637DE25C256F448C0059178E /* Release */ = {
			isa = XCBuildConfiguration;
			buildSettings = {
				ASSETCATALOG_COMPILER_APPICON_NAME = AppIcon;
				CODE_SIGN_STYLE = Automatic;
				DEVELOPMENT_TEAM = 2FCCGZG9V5;
				INFOPLIST_FILE = "Alodokter Test App/Assets/Info.plist";
				LD_RUNPATH_SEARCH_PATHS = (
					"$(inherited)",
					"@executable_path/Frameworks",
				);
				PRODUCT_BUNDLE_IDENTIFIER = "djm.Alodokter-Test-App";
				PRODUCT_NAME = "$(TARGET_NAME)";
				SWIFT_VERSION = 5.0;
				TARGETED_DEVICE_FAMILY = 1;
			};
			name = Release;
		};
		637DE25E256F448C0059178E /* Debug */ = {
			isa = XCBuildConfiguration;
			buildSettings = {
				ALWAYS_EMBED_SWIFT_STANDARD_LIBRARIES = YES;
				BUNDLE_LOADER = "$(TEST_HOST)";
				CODE_SIGN_STYLE = Automatic;
				INFOPLIST_FILE = "Alodokter Test AppTests/Info.plist";
				IPHONEOS_DEPLOYMENT_TARGET = 11.0;
				LD_RUNPATH_SEARCH_PATHS = (
					"$(inherited)",
					"@executable_path/Frameworks",
					"@loader_path/Frameworks",
				);
				PRODUCT_BUNDLE_IDENTIFIER = "djm.Alodokter-Test-AppTests";
				PRODUCT_NAME = "$(TARGET_NAME)";
				SWIFT_VERSION = 5.0;
				TARGETED_DEVICE_FAMILY = "1,2";
				TEST_HOST = "$(BUILT_PRODUCTS_DIR)/Alodokter Test App.app/Alodokter Test App";
			};
			name = Debug;
		};
		637DE25F256F448C0059178E /* Release */ = {
			isa = XCBuildConfiguration;
			buildSettings = {
				ALWAYS_EMBED_SWIFT_STANDARD_LIBRARIES = YES;
				BUNDLE_LOADER = "$(TEST_HOST)";
				CODE_SIGN_STYLE = Automatic;
				INFOPLIST_FILE = "Alodokter Test AppTests/Info.plist";
				IPHONEOS_DEPLOYMENT_TARGET = 11.0;
				LD_RUNPATH_SEARCH_PATHS = (
					"$(inherited)",
					"@executable_path/Frameworks",
					"@loader_path/Frameworks",
				);
				PRODUCT_BUNDLE_IDENTIFIER = "djm.Alodokter-Test-AppTests";
				PRODUCT_NAME = "$(TARGET_NAME)";
				SWIFT_VERSION = 5.0;
				TARGETED_DEVICE_FAMILY = "1,2";
				TEST_HOST = "$(BUILT_PRODUCTS_DIR)/Alodokter Test App.app/Alodokter Test App";
			};
			name = Release;
		};
		637DE261256F448C0059178E /* Debug */ = {
			isa = XCBuildConfiguration;
			buildSettings = {
				ALWAYS_EMBED_SWIFT_STANDARD_LIBRARIES = YES;
				CODE_SIGN_STYLE = Automatic;
				INFOPLIST_FILE = "Alodokter Test AppUITests/Info.plist";
				LD_RUNPATH_SEARCH_PATHS = (
					"$(inherited)",
					"@executable_path/Frameworks",
					"@loader_path/Frameworks",
				);
				PRODUCT_BUNDLE_IDENTIFIER = "djm.Alodokter-Test-AppUITests";
				PRODUCT_NAME = "$(TARGET_NAME)";
				SWIFT_VERSION = 5.0;
				TARGETED_DEVICE_FAMILY = "1,2";
				TEST_TARGET_NAME = "Alodokter Test App";
			};
			name = Debug;
		};
		637DE262256F448C0059178E /* Release */ = {
			isa = XCBuildConfiguration;
			buildSettings = {
				ALWAYS_EMBED_SWIFT_STANDARD_LIBRARIES = YES;
				CODE_SIGN_STYLE = Automatic;
				INFOPLIST_FILE = "Alodokter Test AppUITests/Info.plist";
				LD_RUNPATH_SEARCH_PATHS = (
					"$(inherited)",
					"@executable_path/Frameworks",
					"@loader_path/Frameworks",
				);
				PRODUCT_BUNDLE_IDENTIFIER = "djm.Alodokter-Test-AppUITests";
				PRODUCT_NAME = "$(TARGET_NAME)";
				SWIFT_VERSION = 5.0;
				TARGETED_DEVICE_FAMILY = "1,2";
				TEST_TARGET_NAME = "Alodokter Test App";
			};
			name = Release;
		};
/* End XCBuildConfiguration section */

/* Begin XCConfigurationList section */
		637DE22B256F448B0059178E /* Build configuration list for PBXProject "Alodokter Test App" */ = {
			isa = XCConfigurationList;
			buildConfigurations = (
				637DE258256F448C0059178E /* Debug */,
				637DE259256F448C0059178E /* Release */,
			);
			defaultConfigurationIsVisible = 0;
			defaultConfigurationName = Release;
		};
		637DE25A256F448C0059178E /* Build configuration list for PBXNativeTarget "Alodokter Test App" */ = {
			isa = XCConfigurationList;
			buildConfigurations = (
				637DE25B256F448C0059178E /* Debug */,
				637DE25C256F448C0059178E /* Release */,
			);
			defaultConfigurationIsVisible = 0;
			defaultConfigurationName = Release;
		};
		637DE25D256F448C0059178E /* Build configuration list for PBXNativeTarget "Alodokter Test AppTests" */ = {
			isa = XCConfigurationList;
			buildConfigurations = (
				637DE25E256F448C0059178E /* Debug */,
				637DE25F256F448C0059178E /* Release */,
			);
			defaultConfigurationIsVisible = 0;
			defaultConfigurationName = Release;
		};
		637DE260256F448C0059178E /* Build configuration list for PBXNativeTarget "Alodokter Test AppUITests" */ = {
			isa = XCConfigurationList;
			buildConfigurations = (
				637DE261256F448C0059178E /* Debug */,
				637DE262256F448C0059178E /* Release */,
			);
			defaultConfigurationIsVisible = 0;
			defaultConfigurationName = Release;
		};
/* End XCConfigurationList section */
	};
	rootObject = 637DE228256F448B0059178E /* Project object */;
}
