// !$*UTF8*$!
{
	archiveVersion = 1;
	classes = {
	};
	objectVersion = 50;
	objects = {

/* Begin PBXBuildFile section */
		635C3484256F791000E4F29E /* NetworkUtil.swift in Sources */ = {isa = PBXBuildFile; fileRef = 635C3483256F791000E4F29E /* NetworkUtil.swift */; };
		635C3486256F79B600E4F29E /* Auth.swift in Sources */ = {isa = PBXBuildFile; fileRef = 635C3485256F79B600E4F29E /* Auth.swift */; };
		635C348A256F7E0700E4F29E /* APIEndPoints.swift in Sources */ = {isa = PBXBuildFile; fileRef = 635C3489256F7E0700E4F29E /* APIEndPoints.swift */; };
		635C348C256F7ED400E4F29E /* MainCoordinator.swift in Sources */ = {isa = PBXBuildFile; fileRef = 635C348B256F7ED400E4F29E /* MainCoordinator.swift */; };
		635C348F256F7EEE00E4F29E /* Coordinator.swift in Sources */ = {isa = PBXBuildFile; fileRef = 635C348E256F7EEE00E4F29E /* Coordinator.swift */; };
		635C3491256F7F4B00E4F29E /* LoginFlowCoordinator.swift in Sources */ = {isa = PBXBuildFile; fileRef = 635C3490256F7F4B00E4F29E /* LoginFlowCoordinator.swift */; };
		635C3493256F800E00E4F29E /* LoginBaseViewController.swift in Sources */ = {isa = PBXBuildFile; fileRef = 635C3492256F800E00E4F29E /* LoginBaseViewController.swift */; };
		635C3496256F825B00E4F29E /* LoginPageContracts.swift in Sources */ = {isa = PBXBuildFile; fileRef = 635C3495256F825B00E4F29E /* LoginPageContracts.swift */; };
		635C3499256F826A00E4F29E /* LoginPageResponse.swift in Sources */ = {isa = PBXBuildFile; fileRef = 635C3498256F826A00E4F29E /* LoginPageResponse.swift */; };
		637DE234256F448B0059178E /* AppDelegate.swift in Sources */ = {isa = PBXBuildFile; fileRef = 637DE233256F448B0059178E /* AppDelegate.swift */; };
		637DE236256F448B0059178E /* SceneDelegate.swift in Sources */ = {isa = PBXBuildFile; fileRef = 637DE235256F448B0059178E /* SceneDelegate.swift */; };
		637DE23D256F448C0059178E /* Assets.xcassets in Resources */ = {isa = PBXBuildFile; fileRef = 637DE23C256F448C0059178E /* Assets.xcassets */; };
		637DE240256F448C0059178E /* LaunchScreen.storyboard in Resources */ = {isa = PBXBuildFile; fileRef = 637DE23E256F448C0059178E /* LaunchScreen.storyboard */; };
		637DE24B256F448C0059178E /* Alodokter_Test_AppTests.swift in Sources */ = {isa = PBXBuildFile; fileRef = 637DE24A256F448C0059178E /* Alodokter_Test_AppTests.swift */; };
		637DE256256F448C0059178E /* Alodokter_Test_AppUITests.swift in Sources */ = {isa = PBXBuildFile; fileRef = 637DE255256F448C0059178E /* Alodokter_Test_AppUITests.swift */; };
		637DE26B256F4A570059178E /* LoginPageViewController.swift in Sources */ = {isa = PBXBuildFile; fileRef = 637DE26A256F4A570059178E /* LoginPageViewController.swift */; };
		637DE26D256F4A610059178E /* LoginPageViewModel.swift in Sources */ = {isa = PBXBuildFile; fileRef = 637DE26C256F4A610059178E /* LoginPageViewModel.swift */; };
/* End PBXBuildFile section */

/* Begin PBXContainerItemProxy section */
		637DE247256F448C0059178E /* PBXContainerItemProxy */ = {
			isa = PBXContainerItemProxy;
			containerPortal = 637DE228256F448B0059178E /* Project object */;
			proxyType = 1;
			remoteGlobalIDString = 637DE22F256F448B0059178E;
			remoteInfo = "Alodokter Test App";
		};
		637DE252256F448C0059178E /* PBXContainerItemProxy */ = {
			isa = PBXContainerItemProxy;
			containerPortal = 637DE228256F448B0059178E /* Project object */;
			proxyType = 1;
			remoteGlobalIDString = 637DE22F256F448B0059178E;
			remoteInfo = "Alodokter Test App";
		};
/* End PBXContainerItemProxy section */

/* Begin PBXFileReference section */
		635C3483256F791000E4F29E /* NetworkUtil.swift */ = {isa = PBXFileReference; lastKnownFileType = sourcecode.swift; path = NetworkUtil.swift; sourceTree = "<group>"; };
		635C3485256F79B600E4F29E /* Auth.swift */ = {isa = PBXFileReference; lastKnownFileType = sourcecode.swift; path = Auth.swift; sourceTree = "<group>"; };
		635C3489256F7E0700E4F29E /* APIEndPoints.swift */ = {isa = PBXFileReference; lastKnownFileType = sourcecode.swift; path = APIEndPoints.swift; sourceTree = "<group>"; };
		635C348B256F7ED400E4F29E /* MainCoordinator.swift */ = {isa = PBXFileReference; lastKnownFileType = sourcecode.swift; path = MainCoordinator.swift; sourceTree = "<group>"; };
		635C348E256F7EEE00E4F29E /* Coordinator.swift */ = {isa = PBXFileReference; lastKnownFileType = sourcecode.swift; path = Coordinator.swift; sourceTree = "<group>"; };
		635C3490256F7F4B00E4F29E /* LoginFlowCoordinator.swift */ = {isa = PBXFileReference; lastKnownFileType = sourcecode.swift; path = LoginFlowCoordinator.swift; sourceTree = "<group>"; };
		635C3492256F800E00E4F29E /* LoginBaseViewController.swift */ = {isa = PBXFileReference; lastKnownFileType = sourcecode.swift; path = LoginBaseViewController.swift; sourceTree = "<group>"; };
		635C3495256F825B00E4F29E /* LoginPageContracts.swift */ = {isa = PBXFileReference; lastKnownFileType = sourcecode.swift; path = LoginPageContracts.swift; sourceTree = "<group>"; };
		635C3498256F826A00E4F29E /* LoginPageResponse.swift */ = {isa = PBXFileReference; lastKnownFileType = sourcecode.swift; path = LoginPageResponse.swift; sourceTree = "<group>"; };
		637DE230256F448B0059178E /* Alodokter Test App.app */ = {isa = PBXFileReference; explicitFileType = wrapper.application; includeInIndex = 0; path = "Alodokter Test App.app"; sourceTree = BUILT_PRODUCTS_DIR; };
		637DE233256F448B0059178E /* AppDelegate.swift */ = {isa = PBXFileReference; lastKnownFileType = sourcecode.swift; path = AppDelegate.swift; sourceTree = "<group>"; };
		637DE235256F448B0059178E /* SceneDelegate.swift */ = {isa = PBXFileReference; lastKnownFileType = sourcecode.swift; path = SceneDelegate.swift; sourceTree = "<group>"; };
		637DE23C256F448C0059178E /* Assets.xcassets */ = {isa = PBXFileReference; lastKnownFileType = folder.assetcatalog; path = Assets.xcassets; sourceTree = "<group>"; };
		637DE23F256F448C0059178E /* Base */ = {isa = PBXFileReference; lastKnownFileType = file.storyboard; name = Base; path = Base.lproj/LaunchScreen.storyboard; sourceTree = "<group>"; };
		637DE241256F448C0059178E /* Info.plist */ = {isa = PBXFileReference; lastKnownFileType = text.plist.xml; path = Info.plist; sourceTree = "<group>"; };
		637DE246256F448C0059178E /* Alodokter Test AppTests.xctest */ = {isa = PBXFileReference; explicitFileType = wrapper.cfbundle; includeInIndex = 0; path = "Alodokter Test AppTests.xctest"; sourceTree = BUILT_PRODUCTS_DIR; };
		637DE24A256F448C0059178E /* Alodokter_Test_AppTests.swift */ = {isa = PBXFileReference; lastKnownFileType = sourcecode.swift; path = Alodokter_Test_AppTests.swift; sourceTree = "<group>"; };
		637DE24C256F448C0059178E /* Info.plist */ = {isa = PBXFileReference; lastKnownFileType = text.plist.xml; path = Info.plist; sourceTree = "<group>"; };
		637DE251256F448C0059178E /* Alodokter Test AppUITests.xctest */ = {isa = PBXFileReference; explicitFileType = wrapper.cfbundle; includeInIndex = 0; path = "Alodokter Test AppUITests.xctest"; sourceTree = BUILT_PRODUCTS_DIR; };
		637DE255256F448C0059178E /* Alodokter_Test_AppUITests.swift */ = {isa = PBXFileReference; lastKnownFileType = sourcecode.swift; path = Alodokter_Test_AppUITests.swift; sourceTree = "<group>"; };
		637DE257256F448C0059178E /* Info.plist */ = {isa = PBXFileReference; lastKnownFileType = text.plist.xml; path = Info.plist; sourceTree = "<group>"; };
		637DE26A256F4A570059178E /* LoginPageViewController.swift */ = {isa = PBXFileReference; lastKnownFileType = sourcecode.swift; path = LoginPageViewController.swift; sourceTree = "<group>"; };
		637DE26C256F4A610059178E /* LoginPageViewModel.swift */ = {isa = PBXFileReference; lastKnownFileType = sourcecode.swift; path = LoginPageViewModel.swift; sourceTree = "<group>"; };
/* End PBXFileReference section */

/* Begin PBXFrameworksBuildPhase section */
		637DE22D256F448B0059178E /* Frameworks */ = {
			isa = PBXFrameworksBuildPhase;
			buildActionMask = 2147483647;
			files = (
			);
			runOnlyForDeploymentPostprocessing = 0;
		};
		637DE243256F448C0059178E /* Frameworks */ = {
			isa = PBXFrameworksBuildPhase;
			buildActionMask = 2147483647;
			files = (
			);
			runOnlyForDeploymentPostprocessing = 0;
		};
		637DE24E256F448C0059178E /* Frameworks */ = {
			isa = PBXFrameworksBuildPhase;
			buildActionMask = 2147483647;
			files = (
			);
			runOnlyForDeploymentPostprocessing = 0;
		};
/* End PBXFrameworksBuildPhase section */

/* Begin PBXGroup section */
		635C3481256F77CD00E4F29E /* Common Component */ = {
			isa = PBXGroup;
			children = (
				635C3482256F78FE00E4F29E /* Network */,
			);
			path = "Common Component";
			sourceTree = "<group>";
		};
		635C3482256F78FE00E4F29E /* Network */ = {
			isa = PBXGroup;
			children = (
				635C3489256F7E0700E4F29E /* APIEndPoints.swift */,
				635C3485256F79B600E4F29E /* Auth.swift */,
				635C3483256F791000E4F29E /* NetworkUtil.swift */,
			);
			path = Network;
			sourceTree = "<group>";
		};
		635C348D256F7ED900E4F29E /* App Coordinator */ = {
			isa = PBXGroup;
			children = (
				635C348E256F7EEE00E4F29E /* Coordinator.swift */,
				635C348B256F7ED400E4F29E /* MainCoordinator.swift */,
			);
			path = "App Coordinator";
			sourceTree = "<group>";
		};
		635C3494256F821300E4F29E /* Common Component */ = {
			isa = PBXGroup;
			children = (
				635C3490256F7F4B00E4F29E /* LoginFlowCoordinator.swift */,
				635C3492256F800E00E4F29E /* LoginBaseViewController.swift */,
			);
			path = "Common Component";
			sourceTree = "<group>";
		};
		635C3497256F826000E4F29E /* Response */ = {
			isa = PBXGroup;
			children = (
				635C3498256F826A00E4F29E /* LoginPageResponse.swift */,
			);
			path = Response;
			sourceTree = "<group>";
		};
		637DE227256F448B0059178E = {
			isa = PBXGroup;
			children = (
				637DE232256F448B0059178E /* Alodokter Test App */,
				637DE249256F448C0059178E /* Alodokter Test AppTests */,
				637DE254256F448C0059178E /* Alodokter Test AppUITests */,
				637DE231256F448B0059178E /* Products */,
			);
			sourceTree = "<group>";
		};
		637DE231256F448B0059178E /* Products */ = {
			isa = PBXGroup;
			children = (
				637DE230256F448B0059178E /* Alodokter Test App.app */,
				637DE246256F448C0059178E /* Alodokter Test AppTests.xctest */,
				637DE251256F448C0059178E /* Alodokter Test AppUITests.xctest */,
			);
			name = Products;
			sourceTree = "<group>";
		};
		637DE232256F448B0059178E /* Alodokter Test App */ = {
			isa = PBXGroup;
			children = (
				637DE263256F49D70059178E /* App Delegate */,
				637DE267256F4A020059178E /* Assets */,
				635C3481256F77CD00E4F29E /* Common Component */,
				637DE264256F49DF0059178E /* Login Flow */,
				637DE265256F49E70059178E /* Home */,
				637DE266256F49EB0059178E /* User Profile */,
			);
			path = "Alodokter Test App";
			sourceTree = "<group>";
		};
		637DE249256F448C0059178E /* Alodokter Test AppTests */ = {
			isa = PBXGroup;
			children = (
				637DE24A256F448C0059178E /* Alodokter_Test_AppTests.swift */,
				637DE24C256F448C0059178E /* Info.plist */,
			);
			path = "Alodokter Test AppTests";
			sourceTree = "<group>";
		};
		637DE254256F448C0059178E /* Alodokter Test AppUITests */ = {
			isa = PBXGroup;
			children = (
				637DE255256F448C0059178E /* Alodokter_Test_AppUITests.swift */,
				637DE257256F448C0059178E /* Info.plist */,
			);
			path = "Alodokter Test AppUITests";
			sourceTree = "<group>";
		};
		637DE263256F49D70059178E /* App Delegate */ = {
			isa = PBXGroup;
			children = (
				635C348D256F7ED900E4F29E /* App Coordinator */,
				637DE233256F448B0059178E /* AppDelegate.swift */,
				637DE235256F448B0059178E /* SceneDelegate.swift */,
			);
			path = "App Delegate";
			sourceTree = "<group>";
		};
		637DE264256F49DF0059178E /* Login Flow */ = {
			isa = PBXGroup;
			children = (
				635C3494256F821300E4F29E /* Common Component */,
				637DE268256F4A1C0059178E /* Login Page */,
				637DE269256F4A2C0059178E /* Register Page */,
			);
			path = "Login Flow";
			sourceTree = "<group>";
		};
		637DE265256F49E70059178E /* Home */ = {
			isa = PBXGroup;
			children = (
			);
			path = Home;
			sourceTree = "<group>";
		};
		637DE266256F49EB0059178E /* User Profile */ = {
			isa = PBXGroup;
			children = (
			);
			path = "User Profile";
			sourceTree = "<group>";
		};
		637DE267256F4A020059178E /* Assets */ = {
			isa = PBXGroup;
			children = (
				637DE23C256F448C0059178E /* Assets.xcassets */,
				637DE23E256F448C0059178E /* LaunchScreen.storyboard */,
				637DE241256F448C0059178E /* Info.plist */,
			);
			path = Assets;
			sourceTree = "<group>";
		};
		637DE268256F4A1C0059178E /* Login Page */ = {
			isa = PBXGroup;
			children = (
				635C3497256F826000E4F29E /* Response */,
				637DE26A256F4A570059178E /* LoginPageViewController.swift */,
				637DE26C256F4A610059178E /* LoginPageViewModel.swift */,
				635C3495256F825B00E4F29E /* LoginPageContracts.swift */,
			);
			path = "Login Page";
			sourceTree = "<group>";
		};
		637DE269256F4A2C0059178E /* Register Page */ = {
			isa = PBXGroup;
			children = (
			);
			path = "Register Page";
			sourceTree = "<group>";
		};
/* End PBXGroup section */

/* Begin PBXNativeTarget section */
		637DE22F256F448B0059178E /* Alodokter Test App */ = {
			isa = PBXNativeTarget;
			buildConfigurationList = 637DE25A256F448C0059178E /* Build configuration list for PBXNativeTarget "Alodokter Test App" */;
			buildPhases = (
				637DE22C256F448B0059178E /* Sources */,
				637DE22D256F448B0059178E /* Frameworks */,
				637DE22E256F448B0059178E /* Resources */,
			);
			buildRules = (
			);
			dependencies = (
			);
			name = "Alodokter Test App";
			productName = "Alodokter Test App";
			productReference = 637DE230256F448B0059178E /* Alodokter Test App.app */;
			productType = "com.apple.product-type.application";
		};
		637DE245256F448C0059178E /* Alodokter Test AppTests */ = {
			isa = PBXNativeTarget;
			buildConfigurationList = 637DE25D256F448C0059178E /* Build configuration list for PBXNativeTarget "Alodokter Test AppTests" */;
			buildPhases = (
				637DE242256F448C0059178E /* Sources */,
				637DE243256F448C0059178E /* Frameworks */,
				637DE244256F448C0059178E /* Resources */,
			);
			buildRules = (
			);
			dependencies = (
				637DE248256F448C0059178E /* PBXTargetDependency */,
			);
			name = "Alodokter Test AppTests";
			productName = "Alodokter Test AppTests";
			productReference = 637DE246256F448C0059178E /* Alodokter Test AppTests.xctest */;
			productType = "com.apple.product-type.bundle.unit-test";
		};
		637DE250256F448C0059178E /* Alodokter Test AppUITests */ = {
			isa = PBXNativeTarget;
			buildConfigurationList = 637DE260256F448C0059178E /* Build configuration list for PBXNativeTarget "Alodokter Test AppUITests" */;
			buildPhases = (
				637DE24D256F448C0059178E /* Sources */,
				637DE24E256F448C0059178E /* Frameworks */,
				637DE24F256F448C0059178E /* Resources */,
			);
			buildRules = (
			);
			dependencies = (
				637DE253256F448C0059178E /* PBXTargetDependency */,
			);
			name = "Alodokter Test AppUITests";
			productName = "Alodokter Test AppUITests";
			productReference = 637DE251256F448C0059178E /* Alodokter Test AppUITests.xctest */;
			productType = "com.apple.product-type.bundle.ui-testing";
		};
/* End PBXNativeTarget section */

/* Begin PBXProject section */
		637DE228256F448B0059178E /* Project object */ = {
			isa = PBXProject;
			attributes = {
				LastSwiftUpdateCheck = 1160;
				LastUpgradeCheck = 1160;
				ORGANIZATIONNAME = "David Jordan Manalu";
				TargetAttributes = {
					637DE22F256F448B0059178E = {
						CreatedOnToolsVersion = 11.6;
					};
					637DE245256F448C0059178E = {
						CreatedOnToolsVersion = 11.6;
						TestTargetID = 637DE22F256F448B0059178E;
					};
					637DE250256F448C0059178E = {
						CreatedOnToolsVersion = 11.6;
						TestTargetID = 637DE22F256F448B0059178E;
					};
				};
			};
			buildConfigurationList = 637DE22B256F448B0059178E /* Build configuration list for PBXProject "Alodokter Test App" */;
			compatibilityVersion = "Xcode 9.3";
			developmentRegion = en;
			hasScannedForEncodings = 0;
			knownRegions = (
				en,
				Base,
			);
			mainGroup = 637DE227256F448B0059178E;
			productRefGroup = 637DE231256F448B0059178E /* Products */;
			projectDirPath = "";
			projectRoot = "";
			targets = (
				637DE22F256F448B0059178E /* Alodokter Test App */,
				637DE245256F448C0059178E /* Alodokter Test AppTests */,
				637DE250256F448C0059178E /* Alodokter Test AppUITests */,
			);
		};
/* End PBXProject section */

/* Begin PBXResourcesBuildPhase section */
		637DE22E256F448B0059178E /* Resources */ = {
			isa = PBXResourcesBuildPhase;
			buildActionMask = 2147483647;
			files = (
				637DE240256F448C0059178E /* LaunchScreen.storyboard in Resources */,
				637DE23D256F448C0059178E /* Assets.xcassets in Resources */,
			);
			runOnlyForDeploymentPostprocessing = 0;
		};
		637DE244256F448C0059178E /* Resources */ = {
			isa = PBXResourcesBuildPhase;
			buildActionMask = 2147483647;
			files = (
			);
			runOnlyForDeploymentPostprocessing = 0;
		};
		637DE24F256F448C0059178E /* Resources */ = {
			isa = PBXResourcesBuildPhase;
			buildActionMask = 2147483647;
			files = (
			);
			runOnlyForDeploymentPostprocessing = 0;
		};
/* End PBXResourcesBuildPhase section */

/* Begin PBXSourcesBuildPhase section */
		637DE22C256F448B0059178E /* Sources */ = {
			isa = PBXSourcesBuildPhase;
			buildActionMask = 2147483647;
			files = (
				635C3484256F791000E4F29E /* NetworkUtil.swift in Sources */,
				635C3499256F826A00E4F29E /* LoginPageResponse.swift in Sources */,
				635C3493256F800E00E4F29E /* LoginBaseViewController.swift in Sources */,
				635C348C256F7ED400E4F29E /* MainCoordinator.swift in Sources */,
				637DE26B256F4A570059178E /* LoginPageViewController.swift in Sources */,
				637DE26D256F4A610059178E /* LoginPageViewModel.swift in Sources */,
				635C3491256F7F4B00E4F29E /* LoginFlowCoordinator.swift in Sources */,
				635C3496256F825B00E4F29E /* LoginPageContracts.swift in Sources */,
				635C348A256F7E0700E4F29E /* APIEndPoints.swift in Sources */,
				637DE234256F448B0059178E /* AppDelegate.swift in Sources */,
				637DE236256F448B0059178E /* SceneDelegate.swift in Sources */,
				635C3486256F79B600E4F29E /* Auth.swift in Sources */,
				635C348F256F7EEE00E4F29E /* Coordinator.swift in Sources */,
			);
			runOnlyForDeploymentPostprocessing = 0;
		};
		637DE242256F448C0059178E /* Sources */ = {
			isa = PBXSourcesBuildPhase;
			buildActionMask = 2147483647;
			files = (
				637DE24B256F448C0059178E /* Alodokter_Test_AppTests.swift in Sources */,
			);
			runOnlyForDeploymentPostprocessing = 0;
		};
		637DE24D256F448C0059178E /* Sources */ = {
			isa = PBXSourcesBuildPhase;
			buildActionMask = 2147483647;
			files = (
				637DE256256F448C0059178E /* Alodokter_Test_AppUITests.swift in Sources */,
			);
			runOnlyForDeploymentPostprocessing = 0;
		};
/* End PBXSourcesBuildPhase section */

/* Begin PBXTargetDependency section */
		637DE248256F448C0059178E /* PBXTargetDependency */ = {
			isa = PBXTargetDependency;
			target = 637DE22F256F448B0059178E /* Alodokter Test App */;
			targetProxy = 637DE247256F448C0059178E /* PBXContainerItemProxy */;
		};
		637DE253256F448C0059178E /* PBXTargetDependency */ = {
			isa = PBXTargetDependency;
			target = 637DE22F256F448B0059178E /* Alodokter Test App */;
			targetProxy = 637DE252256F448C0059178E /* PBXContainerItemProxy */;
		};
/* End PBXTargetDependency section */

/* Begin PBXVariantGroup section */
		637DE23E256F448C0059178E /* LaunchScreen.storyboard */ = {
			isa = PBXVariantGroup;
			children = (
				637DE23F256F448C0059178E /* Base */,
			);
			name = LaunchScreen.storyboard;
			sourceTree = "<group>";
		};
/* End PBXVariantGroup section */

/* Begin XCBuildConfiguration section */
		637DE258256F448C0059178E /* Debug */ = {
			isa = XCBuildConfiguration;
			buildSettings = {
				ALWAYS_SEARCH_USER_PATHS = NO;
				CLANG_ANALYZER_NONNULL = YES;
				CLANG_ANALYZER_NUMBER_OBJECT_CONVERSION = YES_AGGRESSIVE;
				CLANG_CXX_LANGUAGE_STANDARD = "gnu++14";
				CLANG_CXX_LIBRARY = "libc++";
				CLANG_ENABLE_MODULES = YES;
				CLANG_ENABLE_OBJC_ARC = YES;
				CLANG_ENABLE_OBJC_WEAK = YES;
				CLANG_WARN_BLOCK_CAPTURE_AUTORELEASING = YES;
				CLANG_WARN_BOOL_CONVERSION = YES;
				CLANG_WARN_COMMA = YES;
				CLANG_WARN_CONSTANT_CONVERSION = YES;
				CLANG_WARN_DEPRECATED_OBJC_IMPLEMENTATIONS = YES;
				CLANG_WARN_DIRECT_OBJC_ISA_USAGE = YES_ERROR;
				CLANG_WARN_DOCUMENTATION_COMMENTS = YES;
				CLANG_WARN_EMPTY_BODY = YES;
				CLANG_WARN_ENUM_CONVERSION = YES;
				CLANG_WARN_INFINITE_RECURSION = YES;
				CLANG_WARN_INT_CONVERSION = YES;
				CLANG_WARN_NON_LITERAL_NULL_CONVERSION = YES;
				CLANG_WARN_OBJC_IMPLICIT_RETAIN_SELF = YES;
				CLANG_WARN_OBJC_LITERAL_CONVERSION = YES;
				CLANG_WARN_OBJC_ROOT_CLASS = YES_ERROR;
				CLANG_WARN_RANGE_LOOP_ANALYSIS = YES;
				CLANG_WARN_STRICT_PROTOTYPES = YES;
				CLANG_WARN_SUSPICIOUS_MOVE = YES;
				CLANG_WARN_UNGUARDED_AVAILABILITY = YES_AGGRESSIVE;
				CLANG_WARN_UNREACHABLE_CODE = YES;
				CLANG_WARN__DUPLICATE_METHOD_MATCH = YES;
				COPY_PHASE_STRIP = NO;
				DEBUG_INFORMATION_FORMAT = dwarf;
				ENABLE_STRICT_OBJC_MSGSEND = YES;
				ENABLE_TESTABILITY = YES;
				GCC_C_LANGUAGE_STANDARD = gnu11;
				GCC_DYNAMIC_NO_PIC = NO;
				GCC_NO_COMMON_BLOCKS = YES;
				GCC_OPTIMIZATION_LEVEL = 0;
				GCC_PREPROCESSOR_DEFINITIONS = (
					"DEBUG=1",
					"$(inherited)",
				);
				GCC_WARN_64_TO_32_BIT_CONVERSION = YES;
				GCC_WARN_ABOUT_RETURN_TYPE = YES_ERROR;
				GCC_WARN_UNDECLARED_SELECTOR = YES;
				GCC_WARN_UNINITIALIZED_AUTOS = YES_AGGRESSIVE;
				GCC_WARN_UNUSED_FUNCTION = YES;
				GCC_WARN_UNUSED_VARIABLE = YES;
				IPHONEOS_DEPLOYMENT_TARGET = 13.6;
				MTL_ENABLE_DEBUG_INFO = INCLUDE_SOURCE;
				MTL_FAST_MATH = YES;
				ONLY_ACTIVE_ARCH = YES;
				SDKROOT = iphoneos;
				SWIFT_ACTIVE_COMPILATION_CONDITIONS = DEBUG;
				SWIFT_OPTIMIZATION_LEVEL = "-Onone";
			};
			name = Debug;
		};
		637DE259256F448C0059178E /* Release */ = {
			isa = XCBuildConfiguration;
			buildSettings = {
				ALWAYS_SEARCH_USER_PATHS = NO;
				CLANG_ANALYZER_NONNULL = YES;
				CLANG_ANALYZER_NUMBER_OBJECT_CONVERSION = YES_AGGRESSIVE;
				CLANG_CXX_LANGUAGE_STANDARD = "gnu++14";
				CLANG_CXX_LIBRARY = "libc++";
				CLANG_ENABLE_MODULES = YES;
				CLANG_ENABLE_OBJC_ARC = YES;
				CLANG_ENABLE_OBJC_WEAK = YES;
				CLANG_WARN_BLOCK_CAPTURE_AUTORELEASING = YES;
				CLANG_WARN_BOOL_CONVERSION = YES;
				CLANG_WARN_COMMA = YES;
				CLANG_WARN_CONSTANT_CONVERSION = YES;
				CLANG_WARN_DEPRECATED_OBJC_IMPLEMENTATIONS = YES;
				CLANG_WARN_DIRECT_OBJC_ISA_USAGE = YES_ERROR;
				CLANG_WARN_DOCUMENTATION_COMMENTS = YES;
				CLANG_WARN_EMPTY_BODY = YES;
				CLANG_WARN_ENUM_CONVERSION = YES;
				CLANG_WARN_INFINITE_RECURSION = YES;
				CLANG_WARN_INT_CONVERSION = YES;
				CLANG_WARN_NON_LITERAL_NULL_CONVERSION = YES;
				CLANG_WARN_OBJC_IMPLICIT_RETAIN_SELF = YES;
				CLANG_WARN_OBJC_LITERAL_CONVERSION = YES;
				CLANG_WARN_OBJC_ROOT_CLASS = YES_ERROR;
				CLANG_WARN_RANGE_LOOP_ANALYSIS = YES;
				CLANG_WARN_STRICT_PROTOTYPES = YES;
				CLANG_WARN_SUSPICIOUS_MOVE = YES;
				CLANG_WARN_UNGUARDED_AVAILABILITY = YES_AGGRESSIVE;
				CLANG_WARN_UNREACHABLE_CODE = YES;
				CLANG_WARN__DUPLICATE_METHOD_MATCH = YES;
				COPY_PHASE_STRIP = NO;
				DEBUG_INFORMATION_FORMAT = "dwarf-with-dsym";
				ENABLE_NS_ASSERTIONS = NO;
				ENABLE_STRICT_OBJC_MSGSEND = YES;
				GCC_C_LANGUAGE_STANDARD = gnu11;
				GCC_NO_COMMON_BLOCKS = YES;
				GCC_WARN_64_TO_32_BIT_CONVERSION = YES;
				GCC_WARN_ABOUT_RETURN_TYPE = YES_ERROR;
				GCC_WARN_UNDECLARED_SELECTOR = YES;
				GCC_WARN_UNINITIALIZED_AUTOS = YES_AGGRESSIVE;
				GCC_WARN_UNUSED_FUNCTION = YES;
				GCC_WARN_UNUSED_VARIABLE = YES;
				IPHONEOS_DEPLOYMENT_TARGET = 13.6;
				MTL_ENABLE_DEBUG_INFO = NO;
				MTL_FAST_MATH = YES;
				SDKROOT = iphoneos;
				SWIFT_COMPILATION_MODE = wholemodule;
				SWIFT_OPTIMIZATION_LEVEL = "-O";
				VALIDATE_PRODUCT = YES;
			};
			name = Release;
		};
		637DE25B256F448C0059178E /* Debug */ = {
			isa = XCBuildConfiguration;
			buildSettings = {
				ASSETCATALOG_COMPILER_APPICON_NAME = AppIcon;
				CODE_SIGN_STYLE = Automatic;
				INFOPLIST_FILE = "Alodokter Test App/Assets/Info.plist";
				LD_RUNPATH_SEARCH_PATHS = (
					"$(inherited)",
					"@executable_path/Frameworks",
				);
				PRODUCT_BUNDLE_IDENTIFIER = "djm.Alodokter-Test-App";
				PRODUCT_NAME = "$(TARGET_NAME)";
				SWIFT_VERSION = 5.0;
				TARGETED_DEVICE_FAMILY = "1,2";
			};
			name = Debug;
		};
		637DE25C256F448C0059178E /* Release */ = {
			isa = XCBuildConfiguration;
			buildSettings = {
				ASSETCATALOG_COMPILER_APPICON_NAME = AppIcon;
				CODE_SIGN_STYLE = Automatic;
				INFOPLIST_FILE = "Alodokter Test App/Assets/Info.plist";
				LD_RUNPATH_SEARCH_PATHS = (
					"$(inherited)",
					"@executable_path/Frameworks",
				);
				PRODUCT_BUNDLE_IDENTIFIER = "djm.Alodokter-Test-App";
				PRODUCT_NAME = "$(TARGET_NAME)";
				SWIFT_VERSION = 5.0;
				TARGETED_DEVICE_FAMILY = "1,2";
			};
			name = Release;
		};
		637DE25E256F448C0059178E /* Debug */ = {
			isa = XCBuildConfiguration;
			buildSettings = {
				ALWAYS_EMBED_SWIFT_STANDARD_LIBRARIES = YES;
				BUNDLE_LOADER = "$(TEST_HOST)";
				CODE_SIGN_STYLE = Automatic;
				INFOPLIST_FILE = "Alodokter Test AppTests/Info.plist";
				IPHONEOS_DEPLOYMENT_TARGET = 13.6;
				LD_RUNPATH_SEARCH_PATHS = (
					"$(inherited)",
					"@executable_path/Frameworks",
					"@loader_path/Frameworks",
				);
				PRODUCT_BUNDLE_IDENTIFIER = "djm.Alodokter-Test-AppTests";
				PRODUCT_NAME = "$(TARGET_NAME)";
				SWIFT_VERSION = 5.0;
				TARGETED_DEVICE_FAMILY = "1,2";
				TEST_HOST = "$(BUILT_PRODUCTS_DIR)/Alodokter Test App.app/Alodokter Test App";
			};
			name = Debug;
		};
		637DE25F256F448C0059178E /* Release */ = {
			isa = XCBuildConfiguration;
			buildSettings = {
				ALWAYS_EMBED_SWIFT_STANDARD_LIBRARIES = YES;
				BUNDLE_LOADER = "$(TEST_HOST)";
				CODE_SIGN_STYLE = Automatic;
				INFOPLIST_FILE = "Alodokter Test AppTests/Info.plist";
				IPHONEOS_DEPLOYMENT_TARGET = 13.6;
				LD_RUNPATH_SEARCH_PATHS = (
					"$(inherited)",
					"@executable_path/Frameworks",
					"@loader_path/Frameworks",
				);
				PRODUCT_BUNDLE_IDENTIFIER = "djm.Alodokter-Test-AppTests";
				PRODUCT_NAME = "$(TARGET_NAME)";
				SWIFT_VERSION = 5.0;
				TARGETED_DEVICE_FAMILY = "1,2";
				TEST_HOST = "$(BUILT_PRODUCTS_DIR)/Alodokter Test App.app/Alodokter Test App";
			};
			name = Release;
		};
		637DE261256F448C0059178E /* Debug */ = {
			isa = XCBuildConfiguration;
			buildSettings = {
				ALWAYS_EMBED_SWIFT_STANDARD_LIBRARIES = YES;
				CODE_SIGN_STYLE = Automatic;
				INFOPLIST_FILE = "Alodokter Test AppUITests/Info.plist";
				LD_RUNPATH_SEARCH_PATHS = (
					"$(inherited)",
					"@executable_path/Frameworks",
					"@loader_path/Frameworks",
				);
				PRODUCT_BUNDLE_IDENTIFIER = "djm.Alodokter-Test-AppUITests";
				PRODUCT_NAME = "$(TARGET_NAME)";
				SWIFT_VERSION = 5.0;
				TARGETED_DEVICE_FAMILY = "1,2";
				TEST_TARGET_NAME = "Alodokter Test App";
			};
			name = Debug;
		};
		637DE262256F448C0059178E /* Release */ = {
			isa = XCBuildConfiguration;
			buildSettings = {
				ALWAYS_EMBED_SWIFT_STANDARD_LIBRARIES = YES;
				CODE_SIGN_STYLE = Automatic;
				INFOPLIST_FILE = "Alodokter Test AppUITests/Info.plist";
				LD_RUNPATH_SEARCH_PATHS = (
					"$(inherited)",
					"@executable_path/Frameworks",
					"@loader_path/Frameworks",
				);
				PRODUCT_BUNDLE_IDENTIFIER = "djm.Alodokter-Test-AppUITests";
				PRODUCT_NAME = "$(TARGET_NAME)";
				SWIFT_VERSION = 5.0;
				TARGETED_DEVICE_FAMILY = "1,2";
				TEST_TARGET_NAME = "Alodokter Test App";
			};
			name = Release;
		};
/* End XCBuildConfiguration section */

/* Begin XCConfigurationList section */
		637DE22B256F448B0059178E /* Build configuration list for PBXProject "Alodokter Test App" */ = {
			isa = XCConfigurationList;
			buildConfigurations = (
				637DE258256F448C0059178E /* Debug */,
				637DE259256F448C0059178E /* Release */,
			);
			defaultConfigurationIsVisible = 0;
			defaultConfigurationName = Release;
		};
		637DE25A256F448C0059178E /* Build configuration list for PBXNativeTarget "Alodokter Test App" */ = {
			isa = XCConfigurationList;
			buildConfigurations = (
				637DE25B256F448C0059178E /* Debug */,
				637DE25C256F448C0059178E /* Release */,
			);
			defaultConfigurationIsVisible = 0;
			defaultConfigurationName = Release;
		};
		637DE25D256F448C0059178E /* Build configuration list for PBXNativeTarget "Alodokter Test AppTests" */ = {
			isa = XCConfigurationList;
			buildConfigurations = (
				637DE25E256F448C0059178E /* Debug */,
				637DE25F256F448C0059178E /* Release */,
			);
			defaultConfigurationIsVisible = 0;
			defaultConfigurationName = Release;
		};
		637DE260256F448C0059178E /* Build configuration list for PBXNativeTarget "Alodokter Test AppUITests" */ = {
			isa = XCConfigurationList;
			buildConfigurations = (
				637DE261256F448C0059178E /* Debug */,
				637DE262256F448C0059178E /* Release */,
			);
			defaultConfigurationIsVisible = 0;
			defaultConfigurationName = Release;
		};
/* End XCConfigurationList section */
	};
	rootObject = 637DE228256F448B0059178E /* Project object */;
}
